<?xml version="1.0" encoding="utf-8"?>
<Project ToolsVersion="4.0" xmlns="http://schemas.microsoft.com/developer/msbuild/2003">
  <ItemGroup>
    <ClCompile Include="Editor.cpp" />
    <ClCompile Include="Editor_DataBrowser.cpp" />
    <ClCompile Include="Editor_DataBrowserTreeView.cpp" />
    <ClCompile Include="Editor_DataFileInspector.cpp" />
    <ClCompile Include="Editor_Model.cpp" />
    <ClCompile Include="Win32\EditorApplication_Win32.cpp" />
    <ClCompile Include="RawFileInspectors\RawFileInspector.cpp" />
    <ClCompile Include="RawFileInspectors\RawFileInspector_MeshFormats.cpp" />
    <ClCompile Include="MapEditor\Workspace_MapEditor.cpp" />
  </ItemGroup>
  <ItemGroup>
    <ClInclude Include="Editor.h" />
    <ClInclude Include="Editor_DataBrowser.h" />
    <ClInclude Include="Editor_DataBrowserTreeView.h" />
    <ClInclude Include="Editor_DataFileInspector.h" />
    <ClInclude Include="Editor_Model.h" />
    <ClInclude Include="Win32\Resource.h" />
    <ClInclude Include="Win32\EditorApplication_Win32.h" />
    <ClInclude Include="RawFileInspectors\RawFileInspector.h" />
    <ClInclude Include="RawFileInspectors\RawFileInspector_MeshFormats.h" />
    <ClInclude Include="MapEditor\Workspace_MapEditor.h" />
  </ItemGroup>
  <ItemGroup>
    <ResourceCompile Include="Win32\Apps.Editor.rc" />
  </ItemGroup>
  <ItemGroup>
    <Image Include="Win32\Editor.ico" />
  </ItemGroup>
</Project>