<?xml version="1.0" encoding="utf-8"?>
<Project ToolsVersion="4.0" xmlns="http://schemas.microsoft.com/developer/msbuild/2003">
  <ItemGroup>
    <ClCompile Include="EditorDevUI.cpp" />
    <ClCompile Include="ResourceBrowser\ResourceBrowser.cpp" />
    <ClCompile Include="ResourceBrowser\ResourceBrowser_TreeView.cpp" />
    <ClCompile Include="Editor_Model.cpp" />
    <ClCompile Include="Win32\EditorApplication_Win32.cpp" />
    <ClCompile Include="ResourceBrowser\RawFileInspectors\RawFileInspector.cpp" />
    <ClCompile Include="ResourceBrowser\RawFileInspectors\RawFileInspector_FBXAndGLTF.cpp" />
    <ClCompile Include="MapEditor\Workspace_MapEditor.cpp" />
    <ClCompile Include="ResourceBrowser\ResourceBrowser_DescriptorCreator.cpp" />
    <ClCompile Include="ResourceBrowser\RawFileInspectors\RawFileInspector_ImageFormats.cpp" />
    <ClCompile Include="MapEditor\Workspace_GamePreviewer.cpp" />
  </ItemGroup>
  <ItemGroup>
    <ClInclude Include="EditorDevUI.h" />
    <ClInclude Include="ResourceBrowser\ResourceBrowser.h" />
    <ClInclude Include="ResourceBrowser\ResourceBrowser_TreeView.h" />
    <ClInclude Include="Editor_Model.h" />
    <ClInclude Include="Win32\Resource.h" />
    <ClInclude Include="Win32\EditorApplication_Win32.h" />
    <ClInclude Include="ResourceBrowser\RawFileInspectors\RawFileInspector.h" />
    <ClInclude Include="ResourceBrowser\RawFileInspectors\RawFileInspector_FBXAndGLTF.h" />
    <ClInclude Include="MapEditor\Workspace_MapEditor.h" />
    <ClInclude Include="ResourceBrowser\ResourceBrowser_DescriptorCreator.h" />
    <ClInclude Include="ResourceBrowser\RawFileInspectors\RawFileInspector_ImageFormats.h" />
    <ClInclude Include="MapEditor\Workspace_GamePreviewer.h" />
  </ItemGroup>
  <ItemGroup>
    <ResourceCompile Include="Win32\Apps.Editor.rc" />
  </ItemGroup>
  <ItemGroup>
    <Image Include="Win32\Editor.ico" />
  </ItemGroup>
</Project>