<?xml version="1.0" encoding="utf-8"?>
<Project ToolsVersion="4.0" xmlns="http://schemas.microsoft.com/developer/msbuild/2003">
  <ItemGroup>
    <Filter Include="Debug">
      <UniqueIdentifier>{4edc2ea8-31d9-4660-9da4-42de69f96847}</UniqueIdentifier>
    </Filter>
    <Filter Include="Events">
      <UniqueIdentifier>{a0b570c1-5fc5-4703-ba63-b42ecaaebe8e}</UniqueIdentifier>
    </Filter>
    <Filter Include="_Module\_AutoGenerated">
      <UniqueIdentifier>{b56d3348-2e8c-4964-a30c-8bf7d3161aab}</UniqueIdentifier>
    </Filter>
    <Filter Include="_Module">
      <UniqueIdentifier>{c78fdadd-0d46-4406-b2c7-e30708f4e3e2}</UniqueIdentifier>
    </Filter>
    <Filter Include="Systems">
      <UniqueIdentifier>{37f69542-2988-4f3d-8e6f-80e8d04ef17b}</UniqueIdentifier>
    </Filter>
    <Filter Include="TaskSystem\Tasks">
      <UniqueIdentifier>{da8999ef-523b-4744-8c90-52c54222c63c}</UniqueIdentifier>
    </Filter>
    <Filter Include="TaskSystem">
      <UniqueIdentifier>{69b8a2c9-a5ee-4557-9b56-547547485821}</UniqueIdentifier>
    </Filter>
    <Filter Include="Components">
      <UniqueIdentifier>{f3288ffd-110c-4221-8c81-c9eb7f1c82b2}</UniqueIdentifier>
    </Filter>
    <Filter Include="Operations">
      <UniqueIdentifier>{0bbfa773-32f4-4bc7-a49f-0488efeb0119}</UniqueIdentifier>
    </Filter>
    <Filter Include="ResourceLoaders">
      <UniqueIdentifier>{44881443-634d-4654-9b63-62331e83a31f}</UniqueIdentifier>
    </Filter>
  </ItemGroup>
  <ItemGroup>
    <ClCompile Include="Debug\AnimDebugDrawing.cpp">
      <Filter>Debug</Filter>
    </ClCompile>
    <ClCompile Include="Graph\AnimGraphEvents.cpp">
      <Filter>Events</Filter>
    </ClCompile>
    <ClCompile Include="_Module\_AutoGenerated\_module.cpp">
      <Filter>_Module\_AutoGenerated</Filter>
    </ClCompile>
    <ClCompile Include="_Module\Module.cpp">
      <Filter>_Module</Filter>
    </ClCompile>
    <ClCompile Include="Systems\AnimationSystem.cpp">
      <Filter>Systems</Filter>
    </ClCompile>
    <ClCompile Include="Graph\TaskSystem\AnimGraphTaskPosePool.cpp">
      <Filter>TaskSystem</Filter>
    </ClCompile>
    <ClCompile Include="Graph\TaskSystem\AnimGraphTaskSystem.cpp">
      <Filter>TaskSystem</Filter>
    </ClCompile>
    <ClCompile Include="Components\AnimatedMeshComponent.cpp">
      <Filter>Components</Filter>
    </ClCompile>
    <ClCompile Include="Components\AnimationPlayerComponent.cpp">
      <Filter>Components</Filter>
    </ClCompile>
    <ClCompile Include="Components\AnimationComponent.cpp">
      <Filter>Components</Filter>
    </ClCompile>
    <ClCompile Include="AnimationBlender.cpp">
      <Filter>Operations</Filter>
    </ClCompile>
    <ClCompile Include="ResourceLoaders\AnimationSkeletonLoader.cpp">
      <Filter>ResourceLoaders</Filter>
    </ClCompile>
    <ClCompile Include="ResourceLoaders\AnimationLoader.cpp">
      <Filter>ResourceLoaders</Filter>
    </ClCompile>
    <ClCompile Include="AnimationBoneMask.cpp" />
    <ClCompile Include="AnimationClip.cpp" />
    <ClCompile Include="AnimationFrameTime.cpp" />
    <ClCompile Include="AnimationPose.cpp" />
    <ClCompile Include="AnimationSkeleton.cpp" />
    <ClCompile Include="AnimationSyncTrack.cpp" />
    <ClCompile Include="AnimationEvent.cpp" />
    <ClCompile Include="Events\AnimationEvent_ID.cpp" />
    <ClCompile Include="Events\AnimationEvent_Footstep.cpp" />
    <ClCompile Include="Graph\TaskSystem\AnimGraphTask.cpp" />
    <ClCompile Include="Graph\TaskSystem\Tasks\AnimGraphTask_Blend.cpp" />
    <ClCompile Include="Graph\TaskSystem\Tasks\AnimGraphTask_DefaultPose.cpp" />
    <ClCompile Include="Graph\TaskSystem\Tasks\AnimGraphTask_Sample.cpp" />
    <ClCompile Include="Graph\TaskSystem\Tasks\AnimGraphTask_CachedPose.cpp" />
    <ClCompile Include="Graph\AnimGraphNode.cpp" />
    <ClCompile Include="Graph\AnimGraphDataset.cpp" />
    <ClCompile Include="Graph\AnimGraphBoneMaskPool.cpp" />
    <ClCompile Include="Graph\AnimGraphContexts.cpp" />
    <ClCompile Include="AnimationTarget.cpp" />
    <ClCompile Include="Graph\Nodes\AnimGraphNode_Pose.cpp" />
    <ClCompile Include="Graph\Nodes\AnimGraphNode_AnimationClip.cpp" />
    <ClCompile Include="Graph\Nodes\AnimGraphNode_Math.cpp" />
    <ClCompile Include="Graph\Nodes\AnimGraphNode_ControlParameters.cpp" />
    <ClCompile Include="Graph\Nodes\AnimGraphNode_ConstValues.cpp" />
    <ClCompile Include="Graph\Nodes\AnimGraphNode_Passthrough.cpp" />
    <ClCompile Include="Graph\Nodes\AnimGraphNode_Conditions.cpp" />
    <ClCompile Include="Graph\Nodes\AnimGraphNode_BoneMask.cpp" />
  </ItemGroup>
  <ItemGroup>
    <ClInclude Include="Debug\AnimDebugDrawing.h">
      <Filter>Debug</Filter>
    </ClInclude>
    <ClInclude Include="Graph\AnimGraphEvents.h">
      <Filter>Events</Filter>
    </ClInclude>
    <ClInclude Include="_Module\API.h">
      <Filter>_Module</Filter>
    </ClInclude>
    <ClInclude Include="_Module\Module.h">
      <Filter>_Module</Filter>
    </ClInclude>
    <ClInclude Include="Systems\AnimationSystem.h">
      <Filter>Systems</Filter>
    </ClInclude>
    <ClInclude Include="Graph\TaskSystem\AnimGraphTask.h">
      <Filter>TaskSystem</Filter>
    </ClInclude>
    <ClInclude Include="Graph\TaskSystem\AnimGraphTaskPosePool.h">
      <Filter>TaskSystem</Filter>
    </ClInclude>
    <ClInclude Include="Graph\TaskSystem\AnimGraphTaskSystem.h">
      <Filter>TaskSystem</Filter>
    </ClInclude>
    <ClInclude Include="Components\AnimatedMeshComponent.h">
      <Filter>Components</Filter>
    </ClInclude>
    <ClInclude Include="Components\AnimationPlayerComponent.h">
      <Filter>Components</Filter>
    </ClInclude>
    <ClInclude Include="Components\AnimationComponent.h">
      <Filter>Components</Filter>
    </ClInclude>
    <ClInclude Include="AnimationBlender.h">
      <Filter>Operations</Filter>
    </ClInclude>
    <ClInclude Include="ResourceLoaders\AnimationLoader.h">
      <Filter>ResourceLoaders</Filter>
    </ClInclude>
    <ClInclude Include="ResourceLoaders\AnimationSkeletonLoader.h">
      <Filter>ResourceLoaders</Filter>
    </ClInclude>
    <ClInclude Include="AnimationBoneMask.h" />
    <ClInclude Include="AnimationClip.h" />
    <ClInclude Include="AnimationEvent.h" />
    <ClInclude Include="AnimationFrameTime.h" />
    <ClInclude Include="AnimationPose.h" />
    <ClInclude Include="AnimationSkeleton.h" />
    <ClInclude Include="AnimationSyncTrack.h" />
    <ClInclude Include="Events\AnimationEvent_ID.h" />
    <ClInclude Include="Events\AnimationEvent_Footstep.h" />
    <ClInclude Include="Graph\TaskSystem\Tasks\AnimGraphTask_Blend.h" />
    <ClInclude Include="Graph\TaskSystem\Tasks\AnimGraphTask_DefaultPose.h" />
    <ClInclude Include="Graph\TaskSystem\Tasks\AnimGraphTask_Sample.h" />
    <ClInclude Include="Graph\TaskSystem\Tasks\AnimGraphTask_CachedPose.h" />
    <ClInclude Include="Graph\AnimGraphNode.h" />
    <ClInclude Include="Graph\AnimGraphDataset.h" />
    <ClInclude Include="Graph\AnimGraphBoneMaskPool.h" />
    <ClInclude Include="Graph\AnimGraphContexts.h" />
    <ClInclude Include="AnimationTarget.h" />
    <ClInclude Include="Graph\Nodes\AnimGraphNode_Pose.h" />
    <ClInclude Include="Graph\Nodes\AnimGraphNode_AnimationClip.h" />
    <ClInclude Include="Graph\Nodes\AnimGraphNode_Math.h" />
    <ClInclude Include="Graph\Nodes\AnimGraphNode_ControlParameters.h" />
    <ClInclude Include="Graph\Nodes\AnimGraphNode_ConstValues.h" />
    <ClInclude Include="Graph\AnimGraphCommon.h" />
    <ClInclude Include="AnimationCommon.h" />
    <ClInclude Include="Graph\Nodes\AnimGraphNode_Passthrough.h" />
    <ClInclude Include="Graph\Nodes\AnimGraphNode_Conditions.h" />
    <ClInclude Include="Graph\Nodes\AnimGraphNode_BoneMask.h" />
  </ItemGroup>
  <ItemGroup>
    <None Include="Graph\todo.md" />
  </ItemGroup>
</Project>