<?xml version="1.0" encoding="utf-8"?>
<Project ToolsVersion="4.0" xmlns="http://schemas.microsoft.com/developer/msbuild/2003">
  <ItemGroup>
    <Filter Include="ResourceCompilers">
      <UniqueIdentifier>{d6eb5a52-9f7e-4994-9f55-7b6100fd1d5f}</UniqueIdentifier>
    </Filter>
    <Filter Include="_Module">
      <UniqueIdentifier>{c44859a8-26a6-4e9b-8616-b26fa87f4eea}</UniqueIdentifier>
    </Filter>
    <Filter Include="_Module\_AutoGenerated">
      <UniqueIdentifier>{e21ff53c-427d-4898-9ffa-77439a172193}</UniqueIdentifier>
    </Filter>
  </ItemGroup>
  <ItemGroup>
    <ClCompile Include="ResourceCompilers\PhysicsMaterialDatabaseCompiler.cpp">
      <Filter>ResourceCompilers</Filter>
    </ClCompile>
    <ClCompile Include="ResourceCompilers\PhysicsMeshCompiler.cpp">
      <Filter>ResourceCompilers</Filter>
    </ClCompile>
    <ClCompile Include="_Module\Module.cpp">
      <Filter>_Module</Filter>
    </ClCompile>
    <ClCompile Include="_Module\_AutoGenerated\_module.cpp">
      <Filter>_Module\_AutoGenerated</Filter>
    </ClCompile>
  </ItemGroup>
  <ItemGroup>
    <ClInclude Include="ResourceCompilers\PhysicsMaterialDatabaseCompiler.h">
      <Filter>ResourceCompilers</Filter>
    </ClInclude>
    <ClInclude Include="ResourceCompilers\PhysicsMeshCompiler.h">
      <Filter>ResourceCompilers</Filter>
    </ClInclude>
    <ClInclude Include="_Module\API.h">
      <Filter>_Module</Filter>
    </ClInclude>
    <ClInclude Include="_Module\Module.h">
      <Filter>_Module</Filter>
    </ClInclude>
  </ItemGroup>
</Project>