<?xml version="1.0" encoding="utf-8"?>
<Project ToolsVersion="4.0" xmlns="http://schemas.microsoft.com/developer/msbuild/2003">
  <ItemGroup>
    <Filter Include="ResourceCompilers">
      <UniqueIdentifier>{a577d818-f611-46ff-9928-00daef1edcf7}</UniqueIdentifier>
    </Filter>
    <Filter Include="_Module">
      <UniqueIdentifier>{359ff84d-313f-43b6-9d7c-ac0403db20cc}</UniqueIdentifier>
    </Filter>
    <Filter Include="_Module\_AutoGenerated">
      <UniqueIdentifier>{bb36d599-d3ce-4b47-b4fa-92e33b851a12}</UniqueIdentifier>
    </Filter>
  </ItemGroup>
  <ItemGroup>
    <ClCompile Include="_Module\Module.cpp">
      <Filter>_Module</Filter>
    </ClCompile>
    <ClCompile Include="_Module\_AutoGenerated\_module.cpp">
      <Filter>_Module\_AutoGenerated</Filter>
    </ClCompile>
    <ClCompile Include="ResourceCompilers\ResourceCompiler_PhysicsMaterialDatabase.cpp">
      <Filter>ResourceCompilers</Filter>
    </ClCompile>
    <ClCompile Include="ResourceCompilers\ResourceCompiler_PhysicsMesh.cpp">
      <Filter>ResourceCompilers</Filter>
    </ClCompile>
  </ItemGroup>
  <ItemGroup>
    <ClInclude Include="_Module\API.h">
      <Filter>_Module</Filter>
    </ClInclude>
    <ClInclude Include="_Module\Module.h">
      <Filter>_Module</Filter>
    </ClInclude>
    <ClInclude Include="ResourceCompilers\ResourceCompiler_PhysicsMaterialDatabase.h">
      <Filter>ResourceCompilers</Filter>
    </ClInclude>
    <ClInclude Include="ResourceCompilers\ResourceCompiler_PhysicsMesh.h">
      <Filter>ResourceCompilers</Filter>
    </ClInclude>
  </ItemGroup>
</Project>