<?xml version="1.0" encoding="utf-8"?>
<Project ToolsVersion="4.0" xmlns="http://schemas.microsoft.com/developer/msbuild/2003">
  <ItemGroup>
    <Filter Include="_Module">
      <UniqueIdentifier>{c16ac1d1-ae98-45e5-8fc7-a79a80055bf9}</UniqueIdentifier>
    </Filter>
    <Filter Include="_Module\_AutoGenerated">
      <UniqueIdentifier>{9c16b7a3-78e6-44d7-9e7a-4b34c4bb7d3c}</UniqueIdentifier>
    </Filter>
    <Filter Include="ResourceCompilers">
      <UniqueIdentifier>{d7975702-2693-401b-8cb3-f8968403d49b}</UniqueIdentifier>
    </Filter>
    <Filter Include="TextureTools">
      <UniqueIdentifier>{00007255-64cb-4f6c-9519-e6cc64161c28}</UniqueIdentifier>
    </Filter>
    <Filter Include="ResourceEditors">
      <UniqueIdentifier>{07e60381-249f-47db-94d5-ef153b6c4008}</UniqueIdentifier>
    </Filter>
  </ItemGroup>
  <ItemGroup>
    <ClCompile Include="_Module\Module.cpp">
      <Filter>_Module</Filter>
    </ClCompile>
    <ClCompile Include="_Module\_AutoGenerated\_module.cpp">
      <Filter>_Module\_AutoGenerated</Filter>
    </ClCompile>
    <ClCompile Include="ResourceCompilers\ResourceCompiler_RenderMaterial.cpp">
      <Filter>ResourceCompilers</Filter>
    </ClCompile>
    <ClCompile Include="ResourceCompilers\ResourceCompiler_RenderMesh.cpp">
      <Filter>ResourceCompilers</Filter>
    </ClCompile>
    <ClCompile Include="ResourceCompilers\ResourceCompiler_RenderShader.cpp">
      <Filter>ResourceCompilers</Filter>
    </ClCompile>
    <ClCompile Include="ResourceCompilers\ResourceCompiler_RenderTexture.cpp">
      <Filter>ResourceCompilers</Filter>
    </ClCompile>
    <ClCompile Include="TextureTools\TextureConverter.cpp">
      <Filter>TextureTools</Filter>
    </ClCompile>
    <ClCompile Include="TextureTools\CubemapGenerator.cpp" />
    <ClCompile Include="ResourceEditors\Workspace_StaticMesh.cpp" />
  </ItemGroup>
  <ItemGroup>
    <ClInclude Include="_Module\API.h">
      <Filter>_Module</Filter>
    </ClInclude>
    <ClInclude Include="_Module\Module.h">
      <Filter>_Module</Filter>
    </ClInclude>
    <ClInclude Include="ResourceCompilers\ResourceCompiler_RenderMaterial.h">
      <Filter>ResourceCompilers</Filter>
    </ClInclude>
    <ClInclude Include="ResourceCompilers\ResourceCompiler_RenderMesh.h">
      <Filter>ResourceCompilers</Filter>
    </ClInclude>
    <ClInclude Include="ResourceCompilers\ResourceCompiler_RenderShader.h">
      <Filter>ResourceCompilers</Filter>
    </ClInclude>
    <ClInclude Include="ResourceCompilers\ResourceCompiler_RenderTexture.h">
      <Filter>ResourceCompilers</Filter>
    </ClInclude>
    <ClInclude Include="TextureTools\TextureTools.h">
      <Filter>TextureTools</Filter>
    </ClInclude>
    <ClInclude Include="ResourceDescriptors\ResourceDescriptor_RenderMaterial.h" />
    <ClInclude Include="ResourceDescriptors\ResourceDescriptor_RenderMesh.h" />
    <ClInclude Include="ResourceDescriptors\ResourceDescriptor_RenderShader.h" />
    <ClInclude Include="ResourceDescriptors\ResourceDescriptor_RenderTexture.h" />
    <ClInclude Include="ResourceEditors\Workspace_StaticMesh.h" />
  </ItemGroup>
</Project>