<?xml version="1.0" encoding="utf-8"?>
<Project ToolsVersion="4.0" xmlns="http://schemas.microsoft.com/developer/msbuild/2003">
  <ItemGroup>
    <Filter Include="ResourceCompilers\Materials">
      <UniqueIdentifier>{fbf0c46b-30d9-4837-af3f-9b57e3ead464}</UniqueIdentifier>
    </Filter>
    <Filter Include="ResourceCompilers">
      <UniqueIdentifier>{a0b5e93a-2342-4664-b4ff-eeb292b2d090}</UniqueIdentifier>
    </Filter>
    <Filter Include="ResourceCompilers\Mesh">
      <UniqueIdentifier>{8330c21a-7575-49db-93a7-bc864357a313}</UniqueIdentifier>
    </Filter>
    <Filter Include="ResourceCompilers\Shaders">
      <UniqueIdentifier>{040e7917-1a91-4d96-9080-2450ffca07a5}</UniqueIdentifier>
    </Filter>
    <Filter Include="ResourceCompilers\Textures">
      <UniqueIdentifier>{a7f54b00-c39a-4a8f-9a08-f889543093a9}</UniqueIdentifier>
    </Filter>
    <Filter Include="_Module">
      <UniqueIdentifier>{0bd8bc1c-c9b8-482c-8211-33262f29d2e1}</UniqueIdentifier>
    </Filter>
    <Filter Include="_Module\_AutoGenerated">
      <UniqueIdentifier>{c7077d75-b3c5-4154-9fc3-89d6e78fffb4}</UniqueIdentifier>
    </Filter>
  </ItemGroup>
  <ItemGroup>
    <ClCompile Include="ResourceCompilers\Materials\MaterialCompiler.cpp">
      <Filter>ResourceCompilers\Materials</Filter>
    </ClCompile>
    <ClCompile Include="ResourceCompilers\Mesh\MeshCompiler.cpp">
      <Filter>ResourceCompilers\Mesh</Filter>
    </ClCompile>
    <ClCompile Include="ResourceCompilers\Mesh\SkeletalMeshCompiler.cpp">
      <Filter>ResourceCompilers\Mesh</Filter>
    </ClCompile>
    <ClCompile Include="ResourceCompilers\Mesh\StaticMeshCompiler.cpp">
      <Filter>ResourceCompilers\Mesh</Filter>
    </ClCompile>
    <ClCompile Include="ResourceCompilers\Shaders\ShaderCompiler.cpp">
      <Filter>ResourceCompilers\Shaders</Filter>
    </ClCompile>
    <ClCompile Include="ResourceCompilers\Textures\TextureCompiler.cpp">
      <Filter>ResourceCompilers\Textures</Filter>
    </ClCompile>
    <ClCompile Include="ResourceCompilers\Textures\TextureConverter.cpp">
      <Filter>ResourceCompilers\Textures</Filter>
    </ClCompile>
    <ClCompile Include="_Module\Module.cpp">
      <Filter>_Module</Filter>
    </ClCompile>
    <ClCompile Include="_Module\_AutoGenerated\_module.cpp">
      <Filter>_Module\_AutoGenerated</Filter>
    </ClCompile>
  </ItemGroup>
  <ItemGroup>
    <ClInclude Include="ResourceCompilers\Materials\MaterialCompiler.h">
      <Filter>ResourceCompilers\Materials</Filter>
    </ClInclude>
    <ClInclude Include="ResourceCompilers\Mesh\MeshCompiler.h">
      <Filter>ResourceCompilers\Mesh</Filter>
    </ClInclude>
    <ClInclude Include="ResourceCompilers\Mesh\SkeletalMeshCompiler.h">
      <Filter>ResourceCompilers\Mesh</Filter>
    </ClInclude>
    <ClInclude Include="ResourceCompilers\Mesh\StaticMeshCompiler.h">
      <Filter>ResourceCompilers\Mesh</Filter>
    </ClInclude>
    <ClInclude Include="ResourceCompilers\Shaders\ShaderCompiler.h">
      <Filter>ResourceCompilers\Shaders</Filter>
    </ClInclude>
    <ClInclude Include="ResourceCompilers\Textures\TextureCompiler.h">
      <Filter>ResourceCompilers\Textures</Filter>
    </ClInclude>
    <ClInclude Include="ResourceCompilers\Textures\TextureConverter.h">
      <Filter>ResourceCompilers\Textures</Filter>
    </ClInclude>
    <ClInclude Include="_Module\API.h">
      <Filter>_Module</Filter>
    </ClInclude>
    <ClInclude Include="_Module\Module.h">
      <Filter>_Module</Filter>
    </ClInclude>
  </ItemGroup>
</Project>