<?xml version="1.0" encoding="utf-8"?>
<Project ToolsVersion="4.0" xmlns="http://schemas.microsoft.com/developer/msbuild/2003">
  <ItemGroup>
    <Filter Include="_Module">
      <UniqueIdentifier>{fb277fc0-9ead-4e7a-96f3-33a8a13b1695}</UniqueIdentifier>
    </Filter>
    <Filter Include="_Module\_AutoGenerated">
      <UniqueIdentifier>{d2a630b3-4dfc-40b6-bd7a-ef095a6673c8}</UniqueIdentifier>
    </Filter>
    <Filter Include="ResourceCompilers\Mesh">
      <UniqueIdentifier>{3b218e19-92b5-4c81-a317-2d2b1b9509a1}</UniqueIdentifier>
    </Filter>
    <Filter Include="ResourceCompilers">
      <UniqueIdentifier>{4dae4ace-7cb0-48f3-852b-21727621f0c7}</UniqueIdentifier>
    </Filter>
    <Filter Include="ResourceCompilers\Shaders">
      <UniqueIdentifier>{b5383105-75c3-4ff7-91c1-94f01f4645d3}</UniqueIdentifier>
    </Filter>
    <Filter Include="ResourceCompilers\Textures">
      <UniqueIdentifier>{f32af2d4-aaa7-4587-b900-004cf4114da2}</UniqueIdentifier>
    </Filter>
    <Filter Include="ResourceCompilers\Materials">
      <UniqueIdentifier>{fe0191d9-0456-412d-9827-8a545e774d53}</UniqueIdentifier>
    </Filter>
    <Filter Include="ResourceEditors">
      <UniqueIdentifier>{4c9d76ca-2cd2-4975-a08d-a0124d1f1df5}</UniqueIdentifier>
    </Filter>
  </ItemGroup>
  <ItemGroup>
    <ClCompile Include="_Module\Module.cpp">
      <Filter>_Module</Filter>
    </ClCompile>
    <ClCompile Include="_Module\_AutoGenerated\_module.cpp">
      <Filter>_Module\_AutoGenerated</Filter>
    </ClCompile>
    <ClCompile Include="ResourceCompilers\Mesh\ResourceCompiler_RenderMesh.cpp">
      <Filter>ResourceCompilers\Mesh</Filter>
    </ClCompile>
    <ClCompile Include="ResourceCompilers\Mesh\ResourceCompiler_SkeletalMesh.cpp">
      <Filter>ResourceCompilers\Mesh</Filter>
    </ClCompile>
    <ClCompile Include="ResourceCompilers\Mesh\ResourceCompiler_StaticMesh.cpp">
      <Filter>ResourceCompilers\Mesh</Filter>
    </ClCompile>
    <ClCompile Include="ResourceCompilers\Shaders\ResourceCompiler_RenderShader.cpp">
      <Filter>ResourceCompilers\Shaders</Filter>
    </ClCompile>
    <ClCompile Include="ResourceCompilers\Textures\ResourceCompiler_RenderTexture.cpp">
      <Filter>ResourceCompilers\Textures</Filter>
    </ClCompile>
    <ClCompile Include="ResourceCompilers\Textures\TextureConverter.cpp">
      <Filter>ResourceCompilers\Textures</Filter>
    </ClCompile>
    <ClCompile Include="ResourceCompilers\Materials\ResourceCompiler_RenderMaterial.cpp">
      <Filter>ResourceCompilers\Materials</Filter>
    </ClCompile>
    <ClCompile Include="ResourceEditors\ResourceEditor_SkeletalMesh.cpp">
      <Filter>ResourceEditors</Filter>
    </ClCompile>
    <ClCompile Include="ResourceEditors\ResourceEditor_StaticMesh.cpp">
      <Filter>ResourceEditors</Filter>
    </ClCompile>
  </ItemGroup>
  <ItemGroup>
    <ClInclude Include="_Module\API.h">
      <Filter>_Module</Filter>
    </ClInclude>
    <ClInclude Include="_Module\Module.h">
      <Filter>_Module</Filter>
    </ClInclude>
    <ClInclude Include="ResourceCompilers\Mesh\ResourceCompiler_RenderMesh.h">
      <Filter>ResourceCompilers\Mesh</Filter>
    </ClInclude>
    <ClInclude Include="ResourceCompilers\Mesh\ResourceCompiler_SkeletalMesh.h">
      <Filter>ResourceCompilers\Mesh</Filter>
    </ClInclude>
    <ClInclude Include="ResourceCompilers\Mesh\ResourceCompiler_StaticMesh.h">
      <Filter>ResourceCompilers\Mesh</Filter>
    </ClInclude>
    <ClInclude Include="ResourceCompilers\Shaders\ResourceCompiler_RenderShader.h">
      <Filter>ResourceCompilers\Shaders</Filter>
    </ClInclude>
    <ClInclude Include="ResourceCompilers\Textures\ResourceCompiler_RenderTexture.h">
      <Filter>ResourceCompilers\Textures</Filter>
    </ClInclude>
    <ClInclude Include="ResourceCompilers\Textures\TextureConverter.h">
      <Filter>ResourceCompilers\Textures</Filter>
    </ClInclude>
    <ClInclude Include="ResourceCompilers\Materials\ResourceCompiler_RenderMaterial.h">
      <Filter>ResourceCompilers\Materials</Filter>
    </ClInclude>
    <ClInclude Include="ResourceEditors\ResourceEditor_SkeletalMesh.h">
      <Filter>ResourceEditors</Filter>
    </ClInclude>
    <ClInclude Include="ResourceEditors\ResourceEditor_StaticMesh.h">
      <Filter>ResourceEditors</Filter>
    </ClInclude>
  </ItemGroup>
</Project>