
Microsoft Visual Studio Solution File, Format Version 12.00
# Visual Studio Version 16
VisualStudioVersion = 16.0.31321.278
MinimumVisualStudioVersion = 10.0.40219.1
Project("{2150E333-8FDC-42A3-9474-1A3956D46DE8}") = "0. Scripts", "0. Scripts", "{9205228C-CCFA-4E90-AF60-D157062720B9}"
EndProject
Project("{2150E333-8FDC-42A3-9474-1A3956D46DE8}") = "1. Applications", "1. Applications", "{ACE70B8D-C374-4BBC-9B51-34A81287AA05}"
EndProject
Project("{2150E333-8FDC-42A3-9474-1A3956D46DE8}") = "3. Game", "3. Game", "{E716C34D-D007-4DCC-862A-65F4B5E97432}"
EndProject
Project("{2150E333-8FDC-42A3-9474-1A3956D46DE8}") = "4. Engine", "4. Engine", "{3C9C040D-006B-4742-8BE6-B9B74339F1D9}"
EndProject
Project("{2150E333-8FDC-42A3-9474-1A3956D46DE8}") = "5. System", "5. System", "{9D6C7A6E-449A-4D52-AA7F-7F6DA3B418D4}"
	ProjectSection(SolutionItems) = preProject
		Code\cpp.hint = Code\cpp.hint
		Code\KRG.natvis = Code\KRG.natvis
	EndProjectSection
EndProject
Project("{2150E333-8FDC-42A3-9474-1A3956D46DE8}") = "2. Tools", "2. Tools", "{FA658C92-4747-4F44-84F5-90F90BD69B5A}"
EndProject
Project("{8BC9CEB8-8B4A-11D0-8D11-00A0C91BC942}") = "KRG.Scripts.Deploy", "Code\Scripts\Deploy\KRG.Scripts.Deploy.vcxproj", "{DACA4CDD-0729-4016-81A6-A29225649CB6}"
EndProject
Project("{8BC9CEB8-8B4A-11D0-8D11-00A0C91BC942}") = "KRG.Scripts.Prebuild", "Code\Scripts\Prebuild\KRG.Scripts.Prebuild.vcxproj", "{F3D9D4BA-4D04-402B-B8D8-9A4A9400BFB6}"
EndProject
Project("{8BC9CEB8-8B4A-11D0-8D11-00A0C91BC942}") = "KRG.System.Core", "Code\System\Core\KRG.System.Core.vcxproj", "{07414BA8-87A7-449B-8AB7-551254B57FB3}"
EndProject
Project("{8BC9CEB8-8B4A-11D0-8D11-00A0C91BC942}") = "KRG.System.DevTools", "Code\System\DevTools\KRG.System.DevTools.vcxproj", "{0E47E8C4-A7F3-4E6C-B7B4-CBBF37AD4913}"
EndProject
Project("{8BC9CEB8-8B4A-11D0-8D11-00A0C91BC942}") = "KRG.System.Entity", "Code\System\Entity\KRG.System.Entity.vcxproj", "{E3085618-D753-48E5-A30F-B44A1C39F6E4}"
EndProject
Project("{8BC9CEB8-8B4A-11D0-8D11-00A0C91BC942}") = "KRG.System.Input", "Code\System\Input\KRG.System.Input.vcxproj", "{42511C8D-2DF8-4BF2-A87E-80707563573D}"
EndProject
Project("{8BC9CEB8-8B4A-11D0-8D11-00A0C91BC942}") = "KRG.System.Network", "Code\System\Network\KRG.System.Network.vcxproj", "{06468EB7-9750-4756-ADA8-10A51F777752}"
EndProject
Project("{8BC9CEB8-8B4A-11D0-8D11-00A0C91BC942}") = "KRG.System.Render", "Code\System\Render\KRG.System.Render.vcxproj", "{9F9F2D36-A465-46A8-B95A-FDAD4FB56DE0}"
EndProject
Project("{8BC9CEB8-8B4A-11D0-8D11-00A0C91BC942}") = "KRG.System.Resource", "Code\System\Resource\KRG.System.Resource.vcxproj", "{7870DE8E-6569-4857-93F9-B1ABC1FC0543}"
EndProject
Project("{8BC9CEB8-8B4A-11D0-8D11-00A0C91BC942}") = "KRG.System.TypeSystem", "Code\System\TypeSystem\KRG.System.TypeSystem.vcxproj", "{EC1A0A10-5C84-4971-A883-C13E7F76C327}"
EndProject
Project("{8BC9CEB8-8B4A-11D0-8D11-00A0C91BC942}") = "KRG.Engine.Animation", "Code\Engine\Animation\KRG.Engine.Animation.vcxproj", "{6E63A255-0E1A-4D43-B225-376B5A6C757E}"
EndProject
Project("{8BC9CEB8-8B4A-11D0-8D11-00A0C91BC942}") = "KRG.Engine.Camera", "Code\Engine\Camera\KRG.Engine.Camera.vcxproj", "{A41B2648-BEFF-4A90-8B5A-4B1E2B3FB702}"
EndProject
Project("{8BC9CEB8-8B4A-11D0-8D11-00A0C91BC942}") = "KRG.Engine.Core", "Code\Engine\Core\KRG.Engine.Core.vcxproj", "{2CFADBDC-EE40-4484-94D0-62A90206209E}"
EndProject
Project("{8BC9CEB8-8B4A-11D0-8D11-00A0C91BC942}") = "KRG.Engine.Navmesh", "Code\Engine\Navmesh\KRG.Engine.Navmesh.vcxproj", "{CDA27ACA-1A2F-4DAC-8A7F-EE13A597F0BC}"
EndProject
Project("{8BC9CEB8-8B4A-11D0-8D11-00A0C91BC942}") = "KRG.Engine.Physics", "Code\Engine\Physics\KRG.Engine.Physics.vcxproj", "{BB1A9D99-F719-49F6-9FA5-BCE50AC60F02}"
EndProject
Project("{8BC9CEB8-8B4A-11D0-8D11-00A0C91BC942}") = "KRG.Engine.Render", "Code\Engine\Render\KRG.Engine.Render.vcxproj", "{88BBAE2E-F1B2-4157-BA64-3E5C7EBD2A9C}"
EndProject
Project("{8BC9CEB8-8B4A-11D0-8D11-00A0C91BC942}") = "KRG.Game.Core", "Code\Game\Core\KRG.Game.Core.vcxproj", "{20C5D09A-3DA8-4CEA-9269-65DC6E6CD460}"
EndProject
Project("{8BC9CEB8-8B4A-11D0-8D11-00A0C91BC942}") = "KRG.Tools.Animation", "Code\Tools\Animation\KRG.Tools.Animation.vcxproj", "{2E18002F-B3CE-4082-B32E-172ECFFCCD5A}"
EndProject
Project("{8BC9CEB8-8B4A-11D0-8D11-00A0C91BC942}") = "KRG.Tools.Core", "Code\Tools\Core\KRG.Tools.Core.vcxproj", "{821AFA79-DF18-4414-9775-E0C0F45BAD78}"
EndProject
Project("{8BC9CEB8-8B4A-11D0-8D11-00A0C91BC942}") = "KRG.Tools.Entity", "Code\Tools\Entity\KRG.Tools.Entity.vcxproj", "{8F3DF129-8BE4-47B8-A96C-AC58B15ED3BA}"
EndProject
Project("{8BC9CEB8-8B4A-11D0-8D11-00A0C91BC942}") = "KRG.Tools.Physics", "Code\Tools\Physics\KRG.Tools.Physics.vcxproj", "{2740C360-55DC-489C-BFD4-E700DF47B0B5}"
EndProject
Project("{8BC9CEB8-8B4A-11D0-8D11-00A0C91BC942}") = "KRG.Tools.Render", "Code\Tools\Render\KRG.Tools.Render.vcxproj", "{7EAEBC2D-F4CB-410D-92C2-BF0481044533}"
EndProject
Project("{8BC9CEB8-8B4A-11D0-8D11-00A0C91BC942}") = "KRG.Applications.EngineShared", "Code\Applications\EngineShared\KRG.Applications.EngineShared.vcxitems", "{E1B87641-1DBA-429E-9F6B-22534D933097}"
EndProject
Project("{8BC9CEB8-8B4A-11D0-8D11-00A0C91BC942}") = "KRG.Applications.Engine", "Code\Applications\Engine\KRG.Applications.Engine.vcxproj", "{8778C386-A74A-4545-8297-CE68639D4ADE}"
EndProject
Project("{8BC9CEB8-8B4A-11D0-8D11-00A0C91BC942}") = "KRG.Applications.Reflector", "Code\Applications\Reflector\KRG.Applications.Reflector.vcxproj", "{C6D6C2BD-89A1-41F2-B27D-3E87B8B678A5}"
EndProject
Project("{8BC9CEB8-8B4A-11D0-8D11-00A0C91BC942}") = "KRG.Applications.ResourceCompiler", "Code\Applications\ResourceCompiler\KRG.Applications.ResourceCompiler.vcxproj", "{BBCF3423-E4B4-4CDD-8A97-C6C390BACC23}"
EndProject
Project("{8BC9CEB8-8B4A-11D0-8D11-00A0C91BC942}") = "KRG.Applications.ResourceServer", "Code\Applications\ResourceServer\KRG.Applications.ResourceServer.vcxproj", "{92F52A23-7513-43A0-8299-8FC752D2B401}"
EndProject
Project("{8BC9CEB8-8B4A-11D0-8D11-00A0C91BC942}") = "KRG.Applications.Shared", "Code\Applications\Shared\KRG.Applications.Shared.vcxitems", "{AC5E982D-B267-4CAA-9DB7-EDA06AD36843}"
EndProject
Project("{8BC9CEB8-8B4A-11D0-8D11-00A0C91BC942}") = "KRG.Applications.Tester", "Code\Applications\Tester\KRG.Applications.Tester.vcxproj", "{15E4867A-F174-4F2A-A7C1-99CC6376D8D2}"
EndProject
Project("{8BC9CEB8-8B4A-11D0-8D11-00A0C91BC942}") = "KRG.Scripts.Reflect", "Code\Scripts\Reflect\KRG.Scripts.Reflect.vcxproj", "{22D8D0D3-3D46-43AC-BAE5-FA588D2CAC0E}"
EndProject
Project("{8BC9CEB8-8B4A-11D0-8D11-00A0C91BC942}") = "KRG.Applications.ResourceEditor", "Code\Applications\ResourceEditor\KRG.Applications.ResourceEditor.vcxproj", "{D6BDD49C-EF46-4637-844A-4FFDD6A25DC5}"
EndProject
Project("{8BC9CEB8-8B4A-11D0-8D11-00A0C91BC942}") = "KRG.Applications.StandaloneEditor", "Code\Applications\StandaloneEditor\KRG.Applications.StandaloneEditor.vcxproj", "{BEE75999-DFBB-4D96-AE17-4DE6271AA2F5}"
EndProject
Global
	GlobalSection(SharedMSBuildProjectFiles) = preSolution
		Code\Applications\Shared\KRG.Applications.Shared.vcxitems*{15e4867a-f174-4f2a-a7c1-99cc6376d8d2}*SharedItemsImports = 4
		Code\Applications\EngineShared\KRG.Applications.EngineShared.vcxitems*{8778c386-a74a-4545-8297-ce68639d4ade}*SharedItemsImports = 4
		Code\Applications\Shared\KRG.Applications.Shared.vcxitems*{8778c386-a74a-4545-8297-ce68639d4ade}*SharedItemsImports = 4
		Code\Applications\Shared\KRG.Applications.Shared.vcxitems*{92f52a23-7513-43a0-8299-8fc752d2b401}*SharedItemsImports = 4
		Code\Applications\Shared\KRG.Applications.Shared.vcxitems*{ac5e982d-b267-4caa-9db7-eda06ad36843}*SharedItemsImports = 9
		Code\Applications\Shared\KRG.Applications.Shared.vcxitems*{bbcf3423-e4b4-4cdd-8a97-c6c390bacc23}*SharedItemsImports = 4
		Code\Applications\EngineShared\KRG.Applications.EngineShared.vcxitems*{bee75999-dfbb-4d96-ae17-4de6271aa2f5}*SharedItemsImports = 4
		Code\Applications\Shared\KRG.Applications.Shared.vcxitems*{bee75999-dfbb-4d96-ae17-4de6271aa2f5}*SharedItemsImports = 4
		Code\Applications\Shared\KRG.Applications.Shared.vcxitems*{c6d6c2bd-89a1-41f2-b27d-3e87b8b678a5}*SharedItemsImports = 4
		Code\Applications\EngineShared\KRG.Applications.EngineShared.vcxitems*{d6bdd49c-ef46-4637-844a-4ffdd6a25dc5}*SharedItemsImports = 4
		Code\Applications\Shared\KRG.Applications.Shared.vcxitems*{d6bdd49c-ef46-4637-844a-4ffdd6a25dc5}*SharedItemsImports = 4
		Code\Applications\EngineShared\KRG.Applications.EngineShared.vcxitems*{e1b87641-1dba-429e-9f6b-22534d933097}*SharedItemsImports = 9
	EndGlobalSection
	GlobalSection(SolutionConfigurationPlatforms) = preSolution
		Debug|x64 = Debug|x64
		Release|x64 = Release|x64
	EndGlobalSection
	GlobalSection(ProjectConfigurationPlatforms) = postSolution
		{DACA4CDD-0729-4016-81A6-A29225649CB6}.Debug|x64.ActiveCfg = Debug|x64
		{DACA4CDD-0729-4016-81A6-A29225649CB6}.Debug|x64.Build.0 = Debug|x64
		{DACA4CDD-0729-4016-81A6-A29225649CB6}.Release|x64.ActiveCfg = Release|x64
		{DACA4CDD-0729-4016-81A6-A29225649CB6}.Release|x64.Build.0 = Release|x64
		{F3D9D4BA-4D04-402B-B8D8-9A4A9400BFB6}.Debug|x64.ActiveCfg = Debug|x64
		{F3D9D4BA-4D04-402B-B8D8-9A4A9400BFB6}.Debug|x64.Build.0 = Debug|x64
		{F3D9D4BA-4D04-402B-B8D8-9A4A9400BFB6}.Release|x64.ActiveCfg = Release|x64
		{F3D9D4BA-4D04-402B-B8D8-9A4A9400BFB6}.Release|x64.Build.0 = Release|x64
		{07414BA8-87A7-449B-8AB7-551254B57FB3}.Debug|x64.ActiveCfg = Debug|x64
		{07414BA8-87A7-449B-8AB7-551254B57FB3}.Debug|x64.Build.0 = Debug|x64
		{07414BA8-87A7-449B-8AB7-551254B57FB3}.Release|x64.ActiveCfg = Release|x64
		{07414BA8-87A7-449B-8AB7-551254B57FB3}.Release|x64.Build.0 = Release|x64
		{0E47E8C4-A7F3-4E6C-B7B4-CBBF37AD4913}.Debug|x64.ActiveCfg = Debug|x64
		{0E47E8C4-A7F3-4E6C-B7B4-CBBF37AD4913}.Debug|x64.Build.0 = Debug|x64
		{0E47E8C4-A7F3-4E6C-B7B4-CBBF37AD4913}.Release|x64.ActiveCfg = Release|x64
		{0E47E8C4-A7F3-4E6C-B7B4-CBBF37AD4913}.Release|x64.Build.0 = Release|x64
		{E3085618-D753-48E5-A30F-B44A1C39F6E4}.Debug|x64.ActiveCfg = Debug|x64
		{E3085618-D753-48E5-A30F-B44A1C39F6E4}.Debug|x64.Build.0 = Debug|x64
		{E3085618-D753-48E5-A30F-B44A1C39F6E4}.Release|x64.ActiveCfg = Release|x64
		{E3085618-D753-48E5-A30F-B44A1C39F6E4}.Release|x64.Build.0 = Release|x64
		{42511C8D-2DF8-4BF2-A87E-80707563573D}.Debug|x64.ActiveCfg = Debug|x64
		{42511C8D-2DF8-4BF2-A87E-80707563573D}.Debug|x64.Build.0 = Debug|x64
		{42511C8D-2DF8-4BF2-A87E-80707563573D}.Release|x64.ActiveCfg = Release|x64
		{42511C8D-2DF8-4BF2-A87E-80707563573D}.Release|x64.Build.0 = Release|x64
		{06468EB7-9750-4756-ADA8-10A51F777752}.Debug|x64.ActiveCfg = Debug|x64
		{06468EB7-9750-4756-ADA8-10A51F777752}.Debug|x64.Build.0 = Debug|x64
		{06468EB7-9750-4756-ADA8-10A51F777752}.Release|x64.ActiveCfg = Release|x64
		{06468EB7-9750-4756-ADA8-10A51F777752}.Release|x64.Build.0 = Release|x64
		{9F9F2D36-A465-46A8-B95A-FDAD4FB56DE0}.Debug|x64.ActiveCfg = Debug|x64
		{9F9F2D36-A465-46A8-B95A-FDAD4FB56DE0}.Debug|x64.Build.0 = Debug|x64
		{9F9F2D36-A465-46A8-B95A-FDAD4FB56DE0}.Release|x64.ActiveCfg = Release|x64
		{9F9F2D36-A465-46A8-B95A-FDAD4FB56DE0}.Release|x64.Build.0 = Release|x64
		{7870DE8E-6569-4857-93F9-B1ABC1FC0543}.Debug|x64.ActiveCfg = Debug|x64
		{7870DE8E-6569-4857-93F9-B1ABC1FC0543}.Debug|x64.Build.0 = Debug|x64
		{7870DE8E-6569-4857-93F9-B1ABC1FC0543}.Release|x64.ActiveCfg = Release|x64
		{7870DE8E-6569-4857-93F9-B1ABC1FC0543}.Release|x64.Build.0 = Release|x64
		{EC1A0A10-5C84-4971-A883-C13E7F76C327}.Debug|x64.ActiveCfg = Debug|x64
		{EC1A0A10-5C84-4971-A883-C13E7F76C327}.Debug|x64.Build.0 = Debug|x64
		{EC1A0A10-5C84-4971-A883-C13E7F76C327}.Release|x64.ActiveCfg = Release|x64
		{EC1A0A10-5C84-4971-A883-C13E7F76C327}.Release|x64.Build.0 = Release|x64
		{6E63A255-0E1A-4D43-B225-376B5A6C757E}.Debug|x64.ActiveCfg = Debug|x64
		{6E63A255-0E1A-4D43-B225-376B5A6C757E}.Debug|x64.Build.0 = Debug|x64
		{6E63A255-0E1A-4D43-B225-376B5A6C757E}.Release|x64.ActiveCfg = Release|x64
		{6E63A255-0E1A-4D43-B225-376B5A6C757E}.Release|x64.Build.0 = Release|x64
		{A41B2648-BEFF-4A90-8B5A-4B1E2B3FB702}.Debug|x64.ActiveCfg = Debug|x64
		{A41B2648-BEFF-4A90-8B5A-4B1E2B3FB702}.Debug|x64.Build.0 = Debug|x64
		{A41B2648-BEFF-4A90-8B5A-4B1E2B3FB702}.Release|x64.ActiveCfg = Release|x64
		{A41B2648-BEFF-4A90-8B5A-4B1E2B3FB702}.Release|x64.Build.0 = Release|x64
		{2CFADBDC-EE40-4484-94D0-62A90206209E}.Debug|x64.ActiveCfg = Debug|x64
		{2CFADBDC-EE40-4484-94D0-62A90206209E}.Debug|x64.Build.0 = Debug|x64
		{2CFADBDC-EE40-4484-94D0-62A90206209E}.Release|x64.ActiveCfg = Release|x64
		{2CFADBDC-EE40-4484-94D0-62A90206209E}.Release|x64.Build.0 = Release|x64
		{CDA27ACA-1A2F-4DAC-8A7F-EE13A597F0BC}.Debug|x64.ActiveCfg = Debug|x64
		{CDA27ACA-1A2F-4DAC-8A7F-EE13A597F0BC}.Debug|x64.Build.0 = Debug|x64
		{CDA27ACA-1A2F-4DAC-8A7F-EE13A597F0BC}.Release|x64.ActiveCfg = Release|x64
		{CDA27ACA-1A2F-4DAC-8A7F-EE13A597F0BC}.Release|x64.Build.0 = Release|x64
		{BB1A9D99-F719-49F6-9FA5-BCE50AC60F02}.Debug|x64.ActiveCfg = Debug|x64
		{BB1A9D99-F719-49F6-9FA5-BCE50AC60F02}.Debug|x64.Build.0 = Debug|x64
		{BB1A9D99-F719-49F6-9FA5-BCE50AC60F02}.Release|x64.ActiveCfg = Release|x64
		{BB1A9D99-F719-49F6-9FA5-BCE50AC60F02}.Release|x64.Build.0 = Release|x64
		{88BBAE2E-F1B2-4157-BA64-3E5C7EBD2A9C}.Debug|x64.ActiveCfg = Debug|x64
		{88BBAE2E-F1B2-4157-BA64-3E5C7EBD2A9C}.Debug|x64.Build.0 = Debug|x64
		{88BBAE2E-F1B2-4157-BA64-3E5C7EBD2A9C}.Release|x64.ActiveCfg = Release|x64
		{88BBAE2E-F1B2-4157-BA64-3E5C7EBD2A9C}.Release|x64.Build.0 = Release|x64
		{20C5D09A-3DA8-4CEA-9269-65DC6E6CD460}.Debug|x64.ActiveCfg = Debug|x64
		{20C5D09A-3DA8-4CEA-9269-65DC6E6CD460}.Debug|x64.Build.0 = Debug|x64
		{20C5D09A-3DA8-4CEA-9269-65DC6E6CD460}.Release|x64.ActiveCfg = Release|x64
		{20C5D09A-3DA8-4CEA-9269-65DC6E6CD460}.Release|x64.Build.0 = Release|x64
		{2E18002F-B3CE-4082-B32E-172ECFFCCD5A}.Debug|x64.ActiveCfg = Debug|x64
		{2E18002F-B3CE-4082-B32E-172ECFFCCD5A}.Debug|x64.Build.0 = Debug|x64
		{2E18002F-B3CE-4082-B32E-172ECFFCCD5A}.Release|x64.ActiveCfg = Release|x64
		{2E18002F-B3CE-4082-B32E-172ECFFCCD5A}.Release|x64.Build.0 = Release|x64
		{821AFA79-DF18-4414-9775-E0C0F45BAD78}.Debug|x64.ActiveCfg = Debug|x64
		{821AFA79-DF18-4414-9775-E0C0F45BAD78}.Debug|x64.Build.0 = Debug|x64
		{821AFA79-DF18-4414-9775-E0C0F45BAD78}.Release|x64.ActiveCfg = Release|x64
		{821AFA79-DF18-4414-9775-E0C0F45BAD78}.Release|x64.Build.0 = Release|x64
		{8F3DF129-8BE4-47B8-A96C-AC58B15ED3BA}.Debug|x64.ActiveCfg = Debug|x64
		{8F3DF129-8BE4-47B8-A96C-AC58B15ED3BA}.Debug|x64.Build.0 = Debug|x64
		{8F3DF129-8BE4-47B8-A96C-AC58B15ED3BA}.Release|x64.ActiveCfg = Release|x64
		{8F3DF129-8BE4-47B8-A96C-AC58B15ED3BA}.Release|x64.Build.0 = Release|x64
		{2740C360-55DC-489C-BFD4-E700DF47B0B5}.Debug|x64.ActiveCfg = Debug|x64
		{2740C360-55DC-489C-BFD4-E700DF47B0B5}.Debug|x64.Build.0 = Debug|x64
		{2740C360-55DC-489C-BFD4-E700DF47B0B5}.Release|x64.ActiveCfg = Release|x64
		{2740C360-55DC-489C-BFD4-E700DF47B0B5}.Release|x64.Build.0 = Release|x64
		{7EAEBC2D-F4CB-410D-92C2-BF0481044533}.Debug|x64.ActiveCfg = Debug|x64
		{7EAEBC2D-F4CB-410D-92C2-BF0481044533}.Debug|x64.Build.0 = Debug|x64
		{7EAEBC2D-F4CB-410D-92C2-BF0481044533}.Release|x64.ActiveCfg = Release|x64
		{7EAEBC2D-F4CB-410D-92C2-BF0481044533}.Release|x64.Build.0 = Release|x64
		{8778C386-A74A-4545-8297-CE68639D4ADE}.Debug|x64.ActiveCfg = Debug|x64
		{8778C386-A74A-4545-8297-CE68639D4ADE}.Debug|x64.Build.0 = Debug|x64
		{8778C386-A74A-4545-8297-CE68639D4ADE}.Release|x64.ActiveCfg = Release|x64
		{8778C386-A74A-4545-8297-CE68639D4ADE}.Release|x64.Build.0 = Release|x64
		{C6D6C2BD-89A1-41F2-B27D-3E87B8B678A5}.Debug|x64.ActiveCfg = Debug|x64
		{C6D6C2BD-89A1-41F2-B27D-3E87B8B678A5}.Debug|x64.Build.0 = Debug|x64
		{C6D6C2BD-89A1-41F2-B27D-3E87B8B678A5}.Release|x64.ActiveCfg = Release|x64
		{C6D6C2BD-89A1-41F2-B27D-3E87B8B678A5}.Release|x64.Build.0 = Release|x64
		{BBCF3423-E4B4-4CDD-8A97-C6C390BACC23}.Debug|x64.ActiveCfg = Debug|x64
		{BBCF3423-E4B4-4CDD-8A97-C6C390BACC23}.Debug|x64.Build.0 = Debug|x64
		{BBCF3423-E4B4-4CDD-8A97-C6C390BACC23}.Release|x64.ActiveCfg = Release|x64
		{BBCF3423-E4B4-4CDD-8A97-C6C390BACC23}.Release|x64.Build.0 = Release|x64
		{92F52A23-7513-43A0-8299-8FC752D2B401}.Debug|x64.ActiveCfg = Debug|x64
		{92F52A23-7513-43A0-8299-8FC752D2B401}.Debug|x64.Build.0 = Debug|x64
		{92F52A23-7513-43A0-8299-8FC752D2B401}.Release|x64.ActiveCfg = Release|x64
		{92F52A23-7513-43A0-8299-8FC752D2B401}.Release|x64.Build.0 = Release|x64
		{15E4867A-F174-4F2A-A7C1-99CC6376D8D2}.Debug|x64.ActiveCfg = Debug|x64
		{15E4867A-F174-4F2A-A7C1-99CC6376D8D2}.Debug|x64.Build.0 = Debug|x64
		{15E4867A-F174-4F2A-A7C1-99CC6376D8D2}.Release|x64.ActiveCfg = Release|x64
		{15E4867A-F174-4F2A-A7C1-99CC6376D8D2}.Release|x64.Build.0 = Release|x64
		{22D8D0D3-3D46-43AC-BAE5-FA588D2CAC0E}.Debug|x64.ActiveCfg = Debug|x64
		{22D8D0D3-3D46-43AC-BAE5-FA588D2CAC0E}.Debug|x64.Build.0 = Debug|x64
		{22D8D0D3-3D46-43AC-BAE5-FA588D2CAC0E}.Release|x64.ActiveCfg = Release|x64
		{22D8D0D3-3D46-43AC-BAE5-FA588D2CAC0E}.Release|x64.Build.0 = Release|x64
		{D6BDD49C-EF46-4637-844A-4FFDD6A25DC5}.Debug|x64.ActiveCfg = Debug|x64
		{D6BDD49C-EF46-4637-844A-4FFDD6A25DC5}.Debug|x64.Build.0 = Debug|x64
		{D6BDD49C-EF46-4637-844A-4FFDD6A25DC5}.Release|x64.ActiveCfg = Release|x64
		{D6BDD49C-EF46-4637-844A-4FFDD6A25DC5}.Release|x64.Build.0 = Release|x64
		{BEE75999-DFBB-4D96-AE17-4DE6271AA2F5}.Debug|x64.ActiveCfg = Debug|x64
		{BEE75999-DFBB-4D96-AE17-4DE6271AA2F5}.Debug|x64.Build.0 = Debug|x64
		{BEE75999-DFBB-4D96-AE17-4DE6271AA2F5}.Release|x64.ActiveCfg = Release|x64
		{BEE75999-DFBB-4D96-AE17-4DE6271AA2F5}.Release|x64.Build.0 = Release|x64
	EndGlobalSection
	GlobalSection(SolutionProperties) = preSolution
		HideSolutionNode = FALSE
	EndGlobalSection
	GlobalSection(NestedProjects) = preSolution
		{DACA4CDD-0729-4016-81A6-A29225649CB6} = {9205228C-CCFA-4E90-AF60-D157062720B9}
		{F3D9D4BA-4D04-402B-B8D8-9A4A9400BFB6} = {9205228C-CCFA-4E90-AF60-D157062720B9}
		{07414BA8-87A7-449B-8AB7-551254B57FB3} = {9D6C7A6E-449A-4D52-AA7F-7F6DA3B418D4}
		{0E47E8C4-A7F3-4E6C-B7B4-CBBF37AD4913} = {9D6C7A6E-449A-4D52-AA7F-7F6DA3B418D4}
		{E3085618-D753-48E5-A30F-B44A1C39F6E4} = {9D6C7A6E-449A-4D52-AA7F-7F6DA3B418D4}
		{42511C8D-2DF8-4BF2-A87E-80707563573D} = {9D6C7A6E-449A-4D52-AA7F-7F6DA3B418D4}
		{06468EB7-9750-4756-ADA8-10A51F777752} = {9D6C7A6E-449A-4D52-AA7F-7F6DA3B418D4}
		{9F9F2D36-A465-46A8-B95A-FDAD4FB56DE0} = {9D6C7A6E-449A-4D52-AA7F-7F6DA3B418D4}
		{7870DE8E-6569-4857-93F9-B1ABC1FC0543} = {9D6C7A6E-449A-4D52-AA7F-7F6DA3B418D4}
		{EC1A0A10-5C84-4971-A883-C13E7F76C327} = {9D6C7A6E-449A-4D52-AA7F-7F6DA3B418D4}
		{6E63A255-0E1A-4D43-B225-376B5A6C757E} = {3C9C040D-006B-4742-8BE6-B9B74339F1D9}
		{A41B2648-BEFF-4A90-8B5A-4B1E2B3FB702} = {3C9C040D-006B-4742-8BE6-B9B74339F1D9}
		{2CFADBDC-EE40-4484-94D0-62A90206209E} = {3C9C040D-006B-4742-8BE6-B9B74339F1D9}
		{CDA27ACA-1A2F-4DAC-8A7F-EE13A597F0BC} = {3C9C040D-006B-4742-8BE6-B9B74339F1D9}
		{BB1A9D99-F719-49F6-9FA5-BCE50AC60F02} = {3C9C040D-006B-4742-8BE6-B9B74339F1D9}
		{88BBAE2E-F1B2-4157-BA64-3E5C7EBD2A9C} = {3C9C040D-006B-4742-8BE6-B9B74339F1D9}
		{20C5D09A-3DA8-4CEA-9269-65DC6E6CD460} = {E716C34D-D007-4DCC-862A-65F4B5E97432}
		{2E18002F-B3CE-4082-B32E-172ECFFCCD5A} = {FA658C92-4747-4F44-84F5-90F90BD69B5A}
		{821AFA79-DF18-4414-9775-E0C0F45BAD78} = {FA658C92-4747-4F44-84F5-90F90BD69B5A}
		{8F3DF129-8BE4-47B8-A96C-AC58B15ED3BA} = {FA658C92-4747-4F44-84F5-90F90BD69B5A}
		{2740C360-55DC-489C-BFD4-E700DF47B0B5} = {FA658C92-4747-4F44-84F5-90F90BD69B5A}
		{7EAEBC2D-F4CB-410D-92C2-BF0481044533} = {FA658C92-4747-4F44-84F5-90F90BD69B5A}
		{E1B87641-1DBA-429E-9F6B-22534D933097} = {ACE70B8D-C374-4BBC-9B51-34A81287AA05}
		{8778C386-A74A-4545-8297-CE68639D4ADE} = {ACE70B8D-C374-4BBC-9B51-34A81287AA05}
		{C6D6C2BD-89A1-41F2-B27D-3E87B8B678A5} = {ACE70B8D-C374-4BBC-9B51-34A81287AA05}
		{BBCF3423-E4B4-4CDD-8A97-C6C390BACC23} = {ACE70B8D-C374-4BBC-9B51-34A81287AA05}
		{92F52A23-7513-43A0-8299-8FC752D2B401} = {ACE70B8D-C374-4BBC-9B51-34A81287AA05}
		{AC5E982D-B267-4CAA-9DB7-EDA06AD36843} = {ACE70B8D-C374-4BBC-9B51-34A81287AA05}
		{15E4867A-F174-4F2A-A7C1-99CC6376D8D2} = {ACE70B8D-C374-4BBC-9B51-34A81287AA05}
		{22D8D0D3-3D46-43AC-BAE5-FA588D2CAC0E} = {9205228C-CCFA-4E90-AF60-D157062720B9}
		{D6BDD49C-EF46-4637-844A-4FFDD6A25DC5} = {ACE70B8D-C374-4BBC-9B51-34A81287AA05}
		{BEE75999-DFBB-4D96-AE17-4DE6271AA2F5} = {ACE70B8D-C374-4BBC-9B51-34A81287AA05}
	EndGlobalSection
	GlobalSection(ExtensibilityGlobals) = postSolution
		SolutionGuid = {9B3C65B2-09F5-4AAD-909C-407AB4B18705}
	EndGlobalSection
EndGlobal
