<?xml version="1.0" encoding="utf-8"?>
<Project ToolsVersion="4.0" xmlns="http://schemas.microsoft.com/developer/msbuild/2003">
  <ItemGroup>
    <Filter Include="_Module">
      <UniqueIdentifier>{7bf88ef4-79cc-4b1d-a3a9-d56294a7ab19}</UniqueIdentifier>
    </Filter>
    <Filter Include="_Module\_AutoGenerated">
      <UniqueIdentifier>{2a2db7f9-1522-4ae2-97c9-9a46c96f8401}</UniqueIdentifier>
    </Filter>
    <Filter Include="Skeleton">
      <UniqueIdentifier>{d9985ea8-4196-48af-b5ad-db62519808ba}</UniqueIdentifier>
    </Filter>
    <Filter Include="Animation">
      <UniqueIdentifier>{4cb5705f-5127-4a78-8ca7-7a252e115ff6}</UniqueIdentifier>
    </Filter>
  </ItemGroup>
  <ItemGroup>
    <ClCompile Include="_Module\Module.cpp">
      <Filter>_Module</Filter>
    </ClCompile>
    <ClCompile Include="_Module\_AutoGenerated\_module.cpp">
      <Filter>_Module\_AutoGenerated</Filter>
    </ClCompile>
    <ClCompile Include="Skeleton\AnimSkeletonCompiler.cpp">
      <Filter>Skeleton</Filter>
    </ClCompile>
    <ClCompile Include="Animation\AnimationCompiler.cpp">
      <Filter>Animation</Filter>
    </ClCompile>
    <ClCompile Include="DLLMain.cpp" />
  </ItemGroup>
  <ItemGroup>
    <ClInclude Include="_Module\Module.h">
      <Filter>_Module</Filter>
    </ClInclude>
    <ClInclude Include="_Module\API.h">
      <Filter>_Module</Filter>
    </ClInclude>
    <ClInclude Include="Skeleton\AnimSkeletonCompiler.h">
      <Filter>Skeleton</Filter>
    </ClInclude>
    <ClInclude Include="Animation\AnimationCompiler.h">
      <Filter>Animation</Filter>
    </ClInclude>
  </ItemGroup>
</Project>