<?xml version="1.0" encoding="utf-8"?>
<Project ToolsVersion="4.0" xmlns="http://schemas.microsoft.com/developer/msbuild/2003">
  <ItemGroup>
    <Filter Include="_Module">
      <UniqueIdentifier>{92ffce3d-ef25-4955-a3e5-2e872676d721}</UniqueIdentifier>
    </Filter>
    <Filter Include="_Module\_AutoGenerated">
      <UniqueIdentifier>{97d76a88-4b7d-4e5c-92fc-8eca7799cdcc}</UniqueIdentifier>
    </Filter>
    <Filter Include="Textures">
      <UniqueIdentifier>{105240d6-ade1-4b22-8807-07de102fae73}</UniqueIdentifier>
    </Filter>
    <Filter Include="Shaders">
      <UniqueIdentifier>{41c96331-b812-4d6c-89fc-c12482de1955}</UniqueIdentifier>
    </Filter>
    <Filter Include="Mesh">
      <UniqueIdentifier>{34ecd56f-f04f-495e-99d3-9ea5dc69db27}</UniqueIdentifier>
    </Filter>
    <Filter Include="Materials">
      <UniqueIdentifier>{a312c50a-8f3f-4a98-acde-e62358c35ae1}</UniqueIdentifier>
    </Filter>
  </ItemGroup>
  <ItemGroup>
    <ClCompile Include="_Module\Module.cpp">
      <Filter>_Module</Filter>
    </ClCompile>
    <ClCompile Include="_Module\_AutoGenerated\_module.cpp">
      <Filter>_Module\_AutoGenerated</Filter>
    </ClCompile>
    <ClCompile Include="Textures\TextureConverter.cpp">
      <Filter>Textures</Filter>
    </ClCompile>
    <ClCompile Include="Textures\TextureCompiler.cpp">
      <Filter>Textures</Filter>
    </ClCompile>
    <ClCompile Include="Shaders\ShaderCompiler.cpp">
      <Filter>Shaders</Filter>
    </ClCompile>
    <ClCompile Include="Mesh\StaticMeshCompiler.cpp">
      <Filter>Mesh</Filter>
    </ClCompile>
    <ClCompile Include="Materials\MaterialCompiler.cpp">
      <Filter>Materials</Filter>
    </ClCompile>
    <ClCompile Include="Mesh\SkeletalMeshCompiler.cpp">
      <Filter>Mesh</Filter>
    </ClCompile>
    <ClCompile Include="Mesh\MeshCompiler.cpp">
      <Filter>Mesh</Filter>
    </ClCompile>
  </ItemGroup>
  <ItemGroup>
    <ClInclude Include="_Module\API.h">
      <Filter>_Module</Filter>
    </ClInclude>
    <ClInclude Include="_Module\Module.h">
      <Filter>_Module</Filter>
    </ClInclude>
    <ClInclude Include="Textures\TextureCompiler.h">
      <Filter>Textures</Filter>
    </ClInclude>
    <ClInclude Include="Textures\TextureConverter.h">
      <Filter>Textures</Filter>
    </ClInclude>
    <ClInclude Include="Shaders\ShaderCompiler.h">
      <Filter>Shaders</Filter>
    </ClInclude>
    <ClInclude Include="Mesh\StaticMeshCompiler.h">
      <Filter>Mesh</Filter>
    </ClInclude>
    <ClInclude Include="Materials\MaterialCompiler.h">
      <Filter>Materials</Filter>
    </ClInclude>
    <ClInclude Include="Mesh\MeshCompiler.h">
      <Filter>Mesh</Filter>
    </ClInclude>
    <ClInclude Include="Mesh\SkeletalMeshCompiler.h">
      <Filter>Mesh</Filter>
    </ClInclude>
  </ItemGroup>
</Project>