<?xml version="1.0" encoding="utf-8"?>
<Project ToolsVersion="4.0" xmlns="http://schemas.microsoft.com/developer/msbuild/2003">
  <ItemGroup>
    <Filter Include="_Module">
      <UniqueIdentifier>{a4a0dd40-5aa6-474d-9c2d-84f198baf5a8}</UniqueIdentifier>
    </Filter>
    <Filter Include="_Module\_AutoGenerated">
      <UniqueIdentifier>{3cfc6d32-babf-4fc3-a3df-1ce2b91ada1a}</UniqueIdentifier>
    </Filter>
    <Filter Include="Components">
      <UniqueIdentifier>{6b592a66-cf06-4300-a9d9-a16ce6f2734d}</UniqueIdentifier>
    </Filter>
    <Filter Include="DebugViews">
      <UniqueIdentifier>{7ce26e61-a973-4ee6-a113-c1dd288eb934}</UniqueIdentifier>
    </Filter>
  </ItemGroup>
  <ItemGroup>
    <ClCompile Include="_Module\Module.cpp">
      <Filter>_Module</Filter>
    </ClCompile>
    <ClCompile Include="_Module\_AutoGenerated\_module.cpp">
      <Filter>_Module\_AutoGenerated</Filter>
    </ClCompile>
    <ClCompile Include="Components\CameraComponent.cpp">
      <Filter>Components</Filter>
    </ClCompile>
    <ClCompile Include="DebugViews\DebugView_Camera.cpp">
      <Filter>DebugViews</Filter>
    </ClCompile>
  </ItemGroup>
  <ItemGroup>
    <ClInclude Include="_Module\Module.h">
      <Filter>_Module</Filter>
    </ClInclude>
    <ClInclude Include="_Module\API.h">
      <Filter>_Module</Filter>
    </ClInclude>
    <ClInclude Include="Components\CameraComponent.h">
      <Filter>Components</Filter>
    </ClInclude>
    <ClInclude Include="DebugViews\DebugView_Camera.h">
      <Filter>DebugViews</Filter>
    </ClInclude>
  </ItemGroup>
</Project>