<?xml version="1.0" encoding="utf-8"?>
<Project ToolsVersion="4.0" xmlns="http://schemas.microsoft.com/developer/msbuild/2003">
  <ItemGroup>
    <Filter Include="Engine\Win32">
      <UniqueIdentifier>{6ccd827a-2b2c-42f9-b2b3-bae1cec876d6}</UniqueIdentifier>
    </Filter>
    <Filter Include="Engine">
      <UniqueIdentifier>{0325f56f-2871-4949-af8b-bcafe641d70c}</UniqueIdentifier>
    </Filter>
    <Filter Include="Shared">
      <UniqueIdentifier>{a35ec3c8-c49c-4030-acb9-d930e27fdaa1}</UniqueIdentifier>
    </Filter>
    <Filter Include="Shared\Win32">
      <UniqueIdentifier>{c720b2f9-6fed-4002-adc4-e5caf7ee3823}</UniqueIdentifier>
    </Filter>
    <Filter Include="EngineShared">
      <UniqueIdentifier>{f807b7a6-8a47-46ec-93be-683bfb26ac25}</UniqueIdentifier>
    </Filter>
    <Filter Include="Shared\cmdParser">
      <UniqueIdentifier>{8d35b4ab-b0f9-46fe-ae9c-9ce33f58320c}</UniqueIdentifier>
    </Filter>
    <Filter Include="Shared\_AutoGenerated">
      <UniqueIdentifier>{f9f8108a-91b0-4839-9782-61c023939f27}</UniqueIdentifier>
    </Filter>
  </ItemGroup>
  <ItemGroup>
    <ClCompile Include="Win32\EngineApplication_Win32.cpp">
      <Filter>Engine\Win32</Filter>
    </ClCompile>
  </ItemGroup>
  <ItemGroup>
    <ClInclude Include="Win32\EngineApplication_Win32.h">
      <Filter>Engine\Win32</Filter>
    </ClInclude>
    <ClInclude Include="Win32\Resource.h">
      <Filter>Engine\Win32</Filter>
    </ClInclude>
  </ItemGroup>
  <ItemGroup>
    <ResourceCompile Include="Win32\Apps.Engine.rc">
      <Filter>Engine\Win32</Filter>
    </ResourceCompile>
  </ItemGroup>
  <ItemGroup>
    <Image Include="Win32\Engine.ico">
      <Filter>Engine\Win32</Filter>
    </Image>
  </ItemGroup>
</Project>