<?xml version="1.0" encoding="utf-8"?>
<Project ToolsVersion="4.0" xmlns="http://schemas.microsoft.com/developer/msbuild/2003">
  <ItemGroup>
    <Filter Include="Engine\Win32">
      <UniqueIdentifier>{4142dcfe-ca12-4721-8d2b-7cfcc67eb8f4}</UniqueIdentifier>
    </Filter>
    <Filter Include="Engine">
      <UniqueIdentifier>{c0b44722-bd23-4f27-908d-c2c3a7924ad1}</UniqueIdentifier>
    </Filter>
    <Filter Include="Shared">
      <UniqueIdentifier>{1a7e68ac-adeb-42a5-bcc8-f64e40219e94}</UniqueIdentifier>
    </Filter>
    <Filter Include="Shared\Win32">
      <UniqueIdentifier>{96edbaab-da43-4799-82e5-9f23082d7f22}</UniqueIdentifier>
    </Filter>
    <Filter Include="EngineShared">
      <UniqueIdentifier>{6ade2631-1305-4a53-a92f-68af4a8418c0}</UniqueIdentifier>
    </Filter>
    <Filter Include="Shared\cmdParser">
      <UniqueIdentifier>{4fa27af2-e118-452d-92f6-e03fc2b845fa}</UniqueIdentifier>
    </Filter>
    <Filter Include="Shared\_AutoGenerated">
      <UniqueIdentifier>{1eb43fa2-e26a-4f66-8546-033b8cfdde29}</UniqueIdentifier>
    </Filter>
  </ItemGroup>
  <ItemGroup>
    <ClCompile Include="Win32\EngineApplication_Win32.cpp">
      <Filter>Engine\Win32</Filter>
    </ClCompile>
    <ClCompile Include="Win32\Main_win32.cpp">
      <Filter>Engine\Win32</Filter>
    </ClCompile>
  </ItemGroup>
  <ItemGroup>
    <ClInclude Include="Win32\EngineApplication_Win32.h">
      <Filter>Engine\Win32</Filter>
    </ClInclude>
    <ClInclude Include="Win32\Resource.h">
      <Filter>Engine\Win32</Filter>
    </ClInclude>
  </ItemGroup>
  <ItemGroup>
    <ResourceCompile Include="Win32\Apps.Engine.rc">
      <Filter>Engine\Win32</Filter>
    </ResourceCompile>
  </ItemGroup>
  <ItemGroup>
    <Image Include="Win32\Engine.ico">
      <Filter>Engine\Win32</Filter>
    </Image>
  </ItemGroup>
</Project>