<?xml version="1.0" encoding="utf-8"?>
<Project ToolsVersion="4.0" xmlns="http://schemas.microsoft.com/developer/msbuild/2003">
  <ItemGroup>
    <Filter Include="_Module">
      <UniqueIdentifier>{968fec08-b924-48ed-968d-b7ae8edf360e}</UniqueIdentifier>
    </Filter>
    <Filter Include="RawAssets\Fbx">
      <UniqueIdentifier>{1dcd9c62-60a0-473d-9a06-e6fc07988b46}</UniqueIdentifier>
    </Filter>
    <Filter Include="RawAssets">
      <UniqueIdentifier>{fb5739f4-f249-48d0-9c59-651dcd76eab6}</UniqueIdentifier>
    </Filter>
    <Filter Include="RawAssets\gltf">
      <UniqueIdentifier>{5a0cdfef-6a47-4d51-b77f-7e717f35fc92}</UniqueIdentifier>
    </Filter>
  </ItemGroup>
  <ItemGroup>
    <ClInclude Include="_Module\API.h">
      <Filter>_Module</Filter>
    </ClInclude>
    <ClInclude Include="RawAssets\Fbx\FbxAnimation.h">
      <Filter>RawAssets\Fbx</Filter>
    </ClInclude>
    <ClInclude Include="RawAssets\Fbx\FbxMesh.h">
      <Filter>RawAssets\Fbx</Filter>
    </ClInclude>
    <ClInclude Include="RawAssets\Fbx\FbxSceneContext.h">
      <Filter>RawAssets\Fbx</Filter>
    </ClInclude>
    <ClInclude Include="RawAssets\Fbx\FbxSkeleton.h">
      <Filter>RawAssets\Fbx</Filter>
    </ClInclude>
    <ClInclude Include="RawAssets\gltf\gltfAnimation.h">
      <Filter>RawAssets\gltf</Filter>
    </ClInclude>
    <ClInclude Include="RawAssets\gltf\gltfMesh.h">
      <Filter>RawAssets\gltf</Filter>
    </ClInclude>
    <ClInclude Include="RawAssets\gltf\gltfSceneContext.h">
      <Filter>RawAssets\gltf</Filter>
    </ClInclude>
    <ClInclude Include="RawAssets\gltf\gltfSkeleton.h">
      <Filter>RawAssets\gltf</Filter>
    </ClInclude>
    <ClInclude Include="RawAssets\RawAnimation.h">
      <Filter>RawAssets</Filter>
    </ClInclude>
    <ClInclude Include="RawAssets\RawAsset.h">
      <Filter>RawAssets</Filter>
    </ClInclude>
    <ClInclude Include="RawAssets\RawAssetReader.h">
      <Filter>RawAssets</Filter>
    </ClInclude>
    <ClInclude Include="RawAssets\RawMesh.h">
      <Filter>RawAssets</Filter>
    </ClInclude>
    <ClInclude Include="RawAssets\RawSkeleton.h">
      <Filter>RawAssets</Filter>
    </ClInclude>
    <ClInclude Include="_Module\Module.h" />
    <ClInclude Include="Compilers\ResourceCompiler.h" />
    <ClInclude Include="Compilers\ResourceDescriptor.h" />
    <ClInclude Include="Compilers\ResourceCompilerModule.h" />
  </ItemGroup>
  <ItemGroup>
    <ClCompile Include="RawAssets\Fbx\FbxAnimation.cpp">
      <Filter>RawAssets\Fbx</Filter>
    </ClCompile>
    <ClCompile Include="RawAssets\Fbx\FbxMesh.cpp">
      <Filter>RawAssets\Fbx</Filter>
    </ClCompile>
    <ClCompile Include="RawAssets\Fbx\FbxSceneContext.cpp">
      <Filter>RawAssets\Fbx</Filter>
    </ClCompile>
    <ClCompile Include="RawAssets\Fbx\FbxSkeleton.cpp">
      <Filter>RawAssets\Fbx</Filter>
    </ClCompile>
    <ClCompile Include="RawAssets\gltf\gltfAnimation.cpp">
      <Filter>RawAssets\gltf</Filter>
    </ClCompile>
    <ClCompile Include="RawAssets\gltf\gltfMesh.cpp">
      <Filter>RawAssets\gltf</Filter>
    </ClCompile>
    <ClCompile Include="RawAssets\gltf\gltfSceneContext.cpp">
      <Filter>RawAssets\gltf</Filter>
    </ClCompile>
    <ClCompile Include="RawAssets\gltf\gltfSkeleton.cpp">
      <Filter>RawAssets\gltf</Filter>
    </ClCompile>
    <ClCompile Include="RawAssets\RawAnimation.cpp">
      <Filter>RawAssets</Filter>
    </ClCompile>
    <ClCompile Include="RawAssets\RawAssetReader.cpp">
      <Filter>RawAssets</Filter>
    </ClCompile>
    <ClCompile Include="RawAssets\RawMesh.cpp">
      <Filter>RawAssets</Filter>
    </ClCompile>
    <ClCompile Include="RawAssets\RawSkeleton.cpp">
      <Filter>RawAssets</Filter>
    </ClCompile>
    <ClCompile Include="_Module\Module.cpp" />
    <ClCompile Include="Compilers\ResourceCompiler.cpp" />
    <ClCompile Include="Compilers\ResourceDescriptor.cpp" />
    <ClCompile Include="Compilers\ResourceCompilerModule.cpp" />
    <ClCompile Include="_Module\_AutoGenerated\_module.cpp" />
  </ItemGroup>
</Project>