<?xml version="1.0" encoding="utf-8"?>
<Project ToolsVersion="4.0" xmlns="http://schemas.microsoft.com/developer/msbuild/2003">
  <ItemGroup>
    <Filter Include="Math">
      <UniqueIdentifier>{b66e5644-3632-4feb-8c41-9c1e6f474de4}</UniqueIdentifier>
    </Filter>
    <Filter Include="Entity\Map">
      <UniqueIdentifier>{c2503002-ad2d-4dbd-b7ab-0d261e3b7b3c}</UniqueIdentifier>
    </Filter>
    <Filter Include="Entity">
      <UniqueIdentifier>{e88dd436-04c8-413c-8b8a-802cc04dd990}</UniqueIdentifier>
    </Filter>
    <Filter Include="DebugViews">
      <UniqueIdentifier>{129e8e91-e566-41ad-a627-01dcf7c93baa}</UniqueIdentifier>
    </Filter>
    <Filter Include="Entity\Collections">
      <UniqueIdentifier>{6b3f9d83-31ab-4cc6-859d-19fc732d1731}</UniqueIdentifier>
    </Filter>
    <Filter Include="ResourceLoaders">
      <UniqueIdentifier>{ad53f9c9-8826-414f-a55c-c1657dfa5ceb}</UniqueIdentifier>
    </Filter>
    <Filter Include="Modules">
      <UniqueIdentifier>{cb15299b-ece1-4973-b398-ad4feca12ada}</UniqueIdentifier>
    </Filter>
    <Filter Include="_Module\_AutoGenerated">
      <UniqueIdentifier>{2520bd1b-6147-4842-a610-7a27329691ef}</UniqueIdentifier>
    </Filter>
    <Filter Include="_Module">
      <UniqueIdentifier>{12c7ee45-a574-4b26-a3a2-01eaae3587b5}</UniqueIdentifier>
    </Filter>
    <Filter Include="Entity\Debug">
      <UniqueIdentifier>{6c34314d-ad8d-45fa-b31d-e861762f2800}</UniqueIdentifier>
    </Filter>
    <Filter Include="Camera">
      <UniqueIdentifier>{85c1d1d9-2f97-40f8-ace9-e3c7481c8fc1}</UniqueIdentifier>
    </Filter>
    <Filter Include="Imgui">
      <UniqueIdentifier>{5fb5d9bf-d680-4422-a24c-31538d008ea5}</UniqueIdentifier>
    </Filter>
  </ItemGroup>
  <ItemGroup>
    <ClCompile Include="Math\Easing.cpp">
      <Filter>Math</Filter>
    </ClCompile>
    <ClCompile Include="Entity\Map\EntityMap.cpp">
      <Filter>Entity\Map</Filter>
    </ClCompile>
    <ClCompile Include="Entity\Map\EntityMapDescriptor.cpp">
      <Filter>Entity\Map</Filter>
    </ClCompile>
    <ClCompile Include="DebugViews\DebugView_EntityWorld.cpp">
      <Filter>DebugViews</Filter>
    </ClCompile>
    <ClCompile Include="Entity\Collections\EntityCollection.cpp">
      <Filter>Entity\Collections</Filter>
    </ClCompile>
    <ClCompile Include="Entity\Collections\EntityCollectionDescriptor.cpp">
      <Filter>Entity\Collections</Filter>
    </ClCompile>
    <ClCompile Include="ResourceLoaders\ResourceLoader_EntityMap.cpp">
      <Filter>ResourceLoaders</Filter>
    </ClCompile>
    <ClCompile Include="Entity\Entity.cpp">
      <Filter>Entity</Filter>
    </ClCompile>
    <ClCompile Include="Entity\EntityComponent.cpp">
      <Filter>Entity</Filter>
    </ClCompile>
    <ClCompile Include="Entity\EntityDescriptors.cpp">
      <Filter>Entity</Filter>
    </ClCompile>
    <ClCompile Include="Entity\EntitySpatialComponent.cpp">
      <Filter>Entity</Filter>
    </ClCompile>
    <ClCompile Include="Entity\EntitySystem.cpp">
      <Filter>Entity</Filter>
    </ClCompile>
    <ClCompile Include="Entity\EntityWorld.cpp">
      <Filter>Entity</Filter>
    </ClCompile>
    <ClCompile Include="Entity\EntityWorldSystem.cpp">
      <Filter>Entity</Filter>
    </ClCompile>
    <ClCompile Include="Modules\EngineModuleContext.cpp">
      <Filter>Modules</Filter>
    </ClCompile>
    <ClCompile Include="_Module\_AutoGenerated\_module.cpp">
      <Filter>_Module\_AutoGenerated</Filter>
    </ClCompile>
    <ClCompile Include="_Module\Module.cpp">
      <Filter>_Module</Filter>
    </ClCompile>
    <ClCompile Include="Entity\Debug\EntityWorldDebugger.cpp">
      <Filter>Entity\Debug</Filter>
    </ClCompile>
    <ClCompile Include="DebugViews\DebugView_Input.cpp">
      <Filter>DebugViews</Filter>
    </ClCompile>
    <ClCompile Include="DebugViews\DebugView_System.cpp">
      <Filter>DebugViews</Filter>
    </ClCompile>
    <ClCompile Include="DebugViews\DebugView_Resource.cpp">
      <Filter>DebugViews</Filter>
    </ClCompile>
    <ClCompile Include="Camera\CameraWorldSystem.cpp">
      <Filter>Camera</Filter>
    </ClCompile>
    <ClCompile Include="Entity\EntityUpdateContext.cpp">
      <Filter>Entity</Filter>
    </ClCompile>
    <ClCompile Include="DebugViews\DebugView_Camera.cpp">
      <Filter>DebugViews</Filter>
    </ClCompile>
    <ClCompile Include="Imgui\OrientationGuide.cpp">
      <Filter>Imgui</Filter>
    </ClCompile>
    <ClCompile Include="Camera\CameraComponent.cpp">
      <Filter>Camera</Filter>
    </ClCompile>
    <ClCompile Include="Entity\EntityWorldManager.cpp">
      <Filter>Entity</Filter>
    </ClCompile>
    <ClCompile Include="DevelopmentUI.cpp" />
    <ClCompile Include="Imgui\Gizmo.cpp" />
  </ItemGroup>
  <ItemGroup>
    <ClInclude Include="Math\Easing.h">
      <Filter>Math</Filter>
    </ClInclude>
    <ClInclude Include="Entity\Map\EntityMap.h">
      <Filter>Entity\Map</Filter>
    </ClInclude>
    <ClInclude Include="Entity\Map\EntityMapDescriptor.h">
      <Filter>Entity\Map</Filter>
    </ClInclude>
    <ClInclude Include="DebugViews\DebugView_EntityWorld.h">
      <Filter>DebugViews</Filter>
    </ClInclude>
    <ClInclude Include="Entity\Collections\EntityCollection.h">
      <Filter>Entity\Collections</Filter>
    </ClInclude>
    <ClInclude Include="Entity\Collections\EntityCollectionDescriptor.h">
      <Filter>Entity\Collections</Filter>
    </ClInclude>
    <ClInclude Include="ResourceLoaders\ResourceLoader_EntityMap.h">
      <Filter>ResourceLoaders</Filter>
    </ClInclude>
    <ClInclude Include="Entity\EntityUpdateContext.h">
      <Filter>Entity</Filter>
    </ClInclude>
    <ClInclude Include="Entity\Entity.h">
      <Filter>Entity</Filter>
    </ClInclude>
    <ClInclude Include="Entity\EntityComponent.h">
      <Filter>Entity</Filter>
    </ClInclude>
    <ClInclude Include="Entity\EntityDescriptors.h">
      <Filter>Entity</Filter>
    </ClInclude>
    <ClInclude Include="Entity\EntitySpatialComponent.h">
      <Filter>Entity</Filter>
    </ClInclude>
    <ClInclude Include="Entity\EntitySystem.h">
      <Filter>Entity</Filter>
    </ClInclude>
    <ClInclude Include="Entity\EntityWorld.h">
      <Filter>Entity</Filter>
    </ClInclude>
    <ClInclude Include="Entity\EntityWorldSystem.h">
      <Filter>Entity</Filter>
    </ClInclude>
    <ClInclude Include="Modules\EngineModuleContext.h">
      <Filter>Modules</Filter>
    </ClInclude>
    <ClInclude Include="Modules\IEngineModule.h">
      <Filter>Modules</Filter>
    </ClInclude>
    <ClInclude Include="_Module\API.h">
      <Filter>_Module</Filter>
    </ClInclude>
    <ClInclude Include="_Module\Module.h">
      <Filter>_Module</Filter>
    </ClInclude>
    <ClInclude Include="Entity\Debug\EntityWorldDebugView.h">
      <Filter>Entity\Debug</Filter>
    </ClInclude>
    <ClInclude Include="Entity\Debug\EntityWorldDebugger.h">
      <Filter>Entity\Debug</Filter>
    </ClInclude>
    <ClInclude Include="DebugViews\DebugView_Input.h">
      <Filter>DebugViews</Filter>
    </ClInclude>
    <ClInclude Include="DebugViews\DebugView_System.h">
      <Filter>DebugViews</Filter>
    </ClInclude>
    <ClInclude Include="DebugViews\DebugView_Resource.h">
      <Filter>DebugViews</Filter>
    </ClInclude>
    <ClInclude Include="Entity\EntityWorldManager.h">
      <Filter>Entity</Filter>
    </ClInclude>
    <ClInclude Include="Imgui\OrientationGuide.h">
      <Filter>Imgui</Filter>
    </ClInclude>
    <ClInclude Include="Camera\CameraComponent.h">
      <Filter>Camera</Filter>
    </ClInclude>
    <ClInclude Include="DebugViews\DebugView_Camera.h">
      <Filter>DebugViews</Filter>
    </ClInclude>
    <ClInclude Include="Camera\CameraWorldSystem.h">
      <Filter>Camera</Filter>
    </ClInclude>
    <ClInclude Include="DevelopmentUI.h" />
    <ClInclude Include="Imgui\Gizmo.h" />
  </ItemGroup>
</Project>