<?xml version="1.0" encoding="utf-8"?>
<Project ToolsVersion="4.0" xmlns="http://schemas.microsoft.com/developer/msbuild/2003">
  <ItemGroup>
    <Filter Include="Modules">
      <UniqueIdentifier>{56153b8e-5c4f-49c8-a298-5f6e06db5cbe}</UniqueIdentifier>
    </Filter>
    <Filter Include="_Module">
      <UniqueIdentifier>{c63deab2-2bb1-49dd-90b7-1d469fa87659}</UniqueIdentifier>
    </Filter>
    <Filter Include="_Module\_AutoGenerated">
      <UniqueIdentifier>{ff63e5eb-d90d-49d2-a34b-3aa942cfd99c}</UniqueIdentifier>
    </Filter>
    <Filter Include="DebugTools">
      <UniqueIdentifier>{5545f2b9-2b1a-4f11-8be0-f63c5a503fff}</UniqueIdentifier>
    </Filter>
    <Filter Include="DebugViews">
      <UniqueIdentifier>{c23a7ae7-6e99-4702-aca5-758d48c1c46c}</UniqueIdentifier>
    </Filter>
  </ItemGroup>
  <ItemGroup>
    <ClCompile Include="Modules\EngineModuleContext.cpp">
      <Filter>Modules</Filter>
    </ClCompile>
    <ClCompile Include="_Module\Module.cpp">
      <Filter>_Module</Filter>
    </ClCompile>
    <ClCompile Include="_Module\_AutoGenerated\_module.cpp">
      <Filter>_Module\_AutoGenerated</Filter>
    </ClCompile>
    <ClCompile Include="DebugTools\DebugTools.cpp">
      <Filter>DebugTools</Filter>
    </ClCompile>
    <ClCompile Include="DebugViews\EntityDebugViewController.cpp">
      <Filter>DebugViews</Filter>
    </ClCompile>
    <ClCompile Include="DebugViews\InputDebugViewController.cpp">
      <Filter>DebugViews</Filter>
    </ClCompile>
    <ClCompile Include="DebugViews\SystemDebugViewController.cpp">
      <Filter>DebugViews</Filter>
    </ClCompile>
    <ClCompile Include="DebugViews\ResourceDebugViewController.cpp">
      <Filter>DebugViews</Filter>
    </ClCompile>
  </ItemGroup>
  <ItemGroup>
    <ClInclude Include="Modules\EngineModuleContext.h">
      <Filter>Modules</Filter>
    </ClInclude>
    <ClInclude Include="Modules\IEngineModule.h">
      <Filter>Modules</Filter>
    </ClInclude>
    <ClInclude Include="_Module\API.h">
      <Filter>_Module</Filter>
    </ClInclude>
    <ClInclude Include="_Module\Module.h">
      <Filter>_Module</Filter>
    </ClInclude>
    <ClInclude Include="DebugTools\DebugView.h">
      <Filter>DebugTools</Filter>
    </ClInclude>
    <ClInclude Include="DebugTools\DebugTools.h">
      <Filter>DebugTools</Filter>
    </ClInclude>
    <ClInclude Include="DebugViews\EntityDebugViewController.h">
      <Filter>DebugViews</Filter>
    </ClInclude>
    <ClInclude Include="DebugViews\InputDebugViewController.h">
      <Filter>DebugViews</Filter>
    </ClInclude>
    <ClInclude Include="DebugViews\SystemDebugViewController.h">
      <Filter>DebugViews</Filter>
    </ClInclude>
    <ClInclude Include="DebugViews\ResourceDebugViewController.h">
      <Filter>DebugViews</Filter>
    </ClInclude>
  </ItemGroup>
</Project>