<?xml version="1.0" encoding="utf-8"?>
<Project ToolsVersion="4.0" xmlns="http://schemas.microsoft.com/developer/msbuild/2003">
  <ItemGroup>
    <Filter Include="Modules">
      <UniqueIdentifier>{b68e0a69-e289-4a6a-b4b2-daeed76e514b}</UniqueIdentifier>
    </Filter>
    <Filter Include="_Module">
      <UniqueIdentifier>{34b8a403-d170-4bdc-84d6-ca84b378dfff}</UniqueIdentifier>
    </Filter>
    <Filter Include="_Module\_AutoGenerated">
      <UniqueIdentifier>{6f0f5777-cd14-43d4-bc07-c01120f2ecbf}</UniqueIdentifier>
    </Filter>
    <Filter Include="Camera">
      <UniqueIdentifier>{21440074-2b7d-4b04-b6cd-1f81db66965e}</UniqueIdentifier>
    </Filter>
    <Filter Include="PlayerController">
      <UniqueIdentifier>{d5cc90b2-a916-4420-8444-78acde8e0ef7}</UniqueIdentifier>
    </Filter>
    <Filter Include="DebugUI">
      <UniqueIdentifier>{5523389f-8617-47f6-a9e4-e834ddf92eb8}</UniqueIdentifier>
    </Filter>
    <Filter Include="DebugUI\DebugViews">
      <UniqueIdentifier>{dbaec936-a714-4f76-a0aa-c815cc53f234}</UniqueIdentifier>
    </Filter>
    <Filter Include="ThirdParty\imgui">
      <UniqueIdentifier>{e49e0bee-5569-49a2-b643-bbeca7d7d3cc}</UniqueIdentifier>
    </Filter>
    <Filter Include="ThirdParty">
      <UniqueIdentifier>{e48056c0-8bde-4d3f-b621-ee9c885b03f7}</UniqueIdentifier>
    </Filter>
    <Filter Include="Resource">
      <UniqueIdentifier>{640d250c-5814-4c9e-a03d-579fbfb5f8d1}</UniqueIdentifier>
    </Filter>
  </ItemGroup>
  <ItemGroup>
    <ClCompile Include="_Module\_AutoGenerated\_module.cpp">
      <Filter>_Module\_AutoGenerated</Filter>
    </ClCompile>
    <ClCompile Include="Camera\CameraComponent.cpp">
      <Filter>Camera</Filter>
    </ClCompile>
    <ClCompile Include="Camera\CameraDebugViewController.cpp">
      <Filter>Camera</Filter>
    </ClCompile>
    <ClCompile Include="Camera\CameraSystem.cpp">
      <Filter>Camera</Filter>
    </ClCompile>
    <ClCompile Include="DebugUI\DebugViews\EntityDebugViewController.cpp">
      <Filter>DebugUI\DebugViews</Filter>
    </ClCompile>
    <ClCompile Include="DebugUI\DebugViews\InputDebugViewController.cpp">
      <Filter>DebugUI\DebugViews</Filter>
    </ClCompile>
    <ClCompile Include="DebugUI\DebugViews\SystemDebugViewController.cpp">
      <Filter>DebugUI\DebugViews</Filter>
    </ClCompile>
    <ClCompile Include="Modules\EngineModuleContext.cpp">
      <Filter>Modules</Filter>
    </ClCompile>
    <ClCompile Include="_Module\Module.cpp">
      <Filter>_Module</Filter>
    </ClCompile>
    <ClCompile Include="DebugUI\DebugUISystem.cpp" />
  </ItemGroup>
  <ItemGroup>
    <ClInclude Include="_Module\API.h">
      <Filter>_Module</Filter>
    </ClInclude>
    <ClInclude Include="Camera\CameraComponent.h">
      <Filter>Camera</Filter>
    </ClInclude>
    <ClInclude Include="Camera\CameraDebugViewController.h">
      <Filter>Camera</Filter>
    </ClInclude>
    <ClInclude Include="Camera\CameraSystem.h">
      <Filter>Camera</Filter>
    </ClInclude>
    <ClInclude Include="DebugUI\DebugViews\EntityDebugViewController.h">
      <Filter>DebugUI\DebugViews</Filter>
    </ClInclude>
    <ClInclude Include="DebugUI\DebugViews\InputDebugViewController.h">
      <Filter>DebugUI\DebugViews</Filter>
    </ClInclude>
    <ClInclude Include="DebugUI\DebugViews\SystemDebugViewController.h">
      <Filter>DebugUI\DebugViews</Filter>
    </ClInclude>
    <ClInclude Include="Modules\IEngineModule.h">
      <Filter>Modules</Filter>
    </ClInclude>
    <ClInclude Include="Modules\EngineModuleContext.h">
      <Filter>Modules</Filter>
    </ClInclude>
    <ClInclude Include="_Module\Module.h">
      <Filter>_Module</Filter>
    </ClInclude>
    <ClInclude Include="DebugUI\DebugUI.h" />
    <ClInclude Include="DebugUI\DebugUISystem.h" />
  </ItemGroup>
</Project>