<?xml version="1.0" encoding="utf-8"?>
<Project ToolsVersion="4.0" xmlns="http://schemas.microsoft.com/developer/msbuild/2003">
  <ItemGroup>
    <Filter Include="ResourceCompilers">
      <UniqueIdentifier>{8842f703-17a1-4a6d-9508-3c1a91a19eef}</UniqueIdentifier>
    </Filter>
    <Filter Include="_Module">
      <UniqueIdentifier>{2aee6dc7-3ad2-4ec8-926d-6b0c1c5744d2}</UniqueIdentifier>
    </Filter>
    <Filter Include="_Module\_AutoGenerated">
      <UniqueIdentifier>{49185b6b-fdc3-43dd-ac3f-c6597b0b55e7}</UniqueIdentifier>
    </Filter>
    <Filter Include="GraphEditor">
      <UniqueIdentifier>{efeb84c9-1183-449d-83d0-6d15f1134775}</UniqueIdentifier>
    </Filter>
    <Filter Include="GraphEditor\ToolsGraph">
      <UniqueIdentifier>{541d72b5-60b0-4067-8d73-4f15fa3daeec}</UniqueIdentifier>
    </Filter>
    <Filter Include="GraphEditor\ToolsGraph\Nodes">
      <UniqueIdentifier>{234c08da-7f63-453a-81e9-89e3da8ad2a2}</UniqueIdentifier>
    </Filter>
    <Filter Include="Events">
      <UniqueIdentifier>{b6dbc34e-cbf8-47aa-9881-08d8a9299baf}</UniqueIdentifier>
    </Filter>
    <Filter Include="ResourceEditors">
      <UniqueIdentifier>{7dae12b4-65eb-4a85-827f-38fcee5193f5}</UniqueIdentifier>
    </Filter>
  </ItemGroup>
  <ItemGroup>
    <ClCompile Include="ResourceCompilers\ResourceCompiler_AnimationClip.cpp">
      <Filter>ResourceCompilers</Filter>
    </ClCompile>
    <ClCompile Include="ResourceCompilers\ResourceCompiler_AnimationGraph.cpp">
      <Filter>ResourceCompilers</Filter>
    </ClCompile>
    <ClCompile Include="ResourceCompilers\ResourceCompiler_AnimationSkeleton.cpp">
      <Filter>ResourceCompilers</Filter>
    </ClCompile>
    <ClCompile Include="_Module\Module.cpp">
      <Filter>_Module</Filter>
    </ClCompile>
    <ClCompile Include="_Module\_AutoGenerated\_module.cpp">
      <Filter>_Module\_AutoGenerated</Filter>
    </ClCompile>
    <ClCompile Include="GraphEditor\AnimationGraphEditor_ControlParameterEditor.cpp">
      <Filter>GraphEditor</Filter>
    </ClCompile>
    <ClCompile Include="GraphEditor\AnimationGraphEditor_GraphEditor.cpp">
      <Filter>GraphEditor</Filter>
    </ClCompile>
    <ClCompile Include="GraphEditor\AnimationGraphEditor_VariationEditor.cpp">
      <Filter>GraphEditor</Filter>
    </ClCompile>
    <ClCompile Include="Events\AnimationEventData.cpp">
      <Filter>Events</Filter>
    </ClCompile>
    <ClCompile Include="Events\AnimationEventEditor.cpp">
      <Filter>Events</Filter>
    </ClCompile>
    <ClCompile Include="Workspaces\Workspace_AnimationClip.cpp" />
    <ClCompile Include="Workspaces\Workspace_AnimationGraph.cpp" />
    <ClCompile Include="Workspaces\Workspace_Skeleton.cpp" />
    <ClCompile Include="GraphEditor\EditorGraph\Animation_EditorGraph_FlowGraph.cpp" />
    <ClCompile Include="GraphEditor\EditorGraph\Animation_EditorGraph_Common.cpp" />
    <ClCompile Include="GraphEditor\EditorGraph\Animation_EditorGraph_Compilation.cpp" />
    <ClCompile Include="GraphEditor\EditorGraph\Animation_EditorGraph_Definition.cpp" />
    <ClCompile Include="GraphEditor\EditorGraph\Animation_EditorGraph_StateMachineGraph.cpp" />
    <ClCompile Include="GraphEditor\EditorGraph\Animation_EditorGraph_Variations.cpp" />
    <ClCompile Include="GraphEditor\EditorGraph\Nodes\Animation_EditorGraphNode_AnimationClip.cpp" />
    <ClCompile Include="GraphEditor\EditorGraph\Nodes\Animation_EditorGraphNode_Blends.cpp" />
    <ClCompile Include="GraphEditor\EditorGraph\Nodes\Animation_EditorGraphNode_BoneMasks.cpp" />
    <ClCompile Include="GraphEditor\EditorGraph\Nodes\Animation_EditorGraphNode_Bools.cpp" />
    <ClCompile Include="GraphEditor\EditorGraph\Nodes\Animation_EditorGraphNode_ConstValues.cpp" />
    <ClCompile Include="GraphEditor\EditorGraph\Nodes\Animation_EditorGraphNode_Events.cpp" />
    <ClCompile Include="GraphEditor\EditorGraph\Nodes\Animation_EditorGraphNode_Floats.cpp" />
    <ClCompile Include="GraphEditor\EditorGraph\Nodes\Animation_EditorGraphNode_IDs.cpp" />
    <ClCompile Include="GraphEditor\EditorGraph\Nodes\Animation_EditorGraphNode_Layers.cpp" />
    <ClCompile Include="GraphEditor\EditorGraph\Nodes\Animation_EditorGraphNode_Pose.cpp" />
    <ClCompile Include="GraphEditor\EditorGraph\Nodes\Animation_EditorGraphNode_RootMotionOverride.cpp" />
    <ClCompile Include="GraphEditor\EditorGraph\Nodes\Animation_EditorGraphNode_Selector.cpp" />
    <ClCompile Include="GraphEditor\EditorGraph\Nodes\Animation_EditorGraphNode_SpeedScale.cpp" />
    <ClCompile Include="GraphEditor\EditorGraph\Nodes\Animation_EditorGraphNode_StateConditions.cpp" />
    <ClCompile Include="GraphEditor\EditorGraph\Nodes\Animation_EditorGraphNode_Targets.cpp" />
    <ClCompile Include="GraphEditor\EditorGraph\Nodes\Animation_EditorGraphNode_Vectors.cpp" />
    <ClCompile Include="GraphEditor\EditorGraph\Nodes\Animation_EditorGraphNode_Ragdoll.cpp" />
  </ItemGroup>
  <ItemGroup>
    <ClInclude Include="ResourceCompilers\ResourceCompiler_AnimationClip.h">
      <Filter>ResourceCompilers</Filter>
    </ClInclude>
    <ClInclude Include="ResourceCompilers\ResourceCompiler_AnimationGraph.h">
      <Filter>ResourceCompilers</Filter>
    </ClInclude>
    <ClInclude Include="ResourceCompilers\ResourceCompiler_AnimationSkeleton.h">
      <Filter>ResourceCompilers</Filter>
    </ClInclude>
    <ClInclude Include="_Module\API.h">
      <Filter>_Module</Filter>
    </ClInclude>
    <ClInclude Include="_Module\Module.h">
      <Filter>_Module</Filter>
    </ClInclude>
    <ClInclude Include="GraphEditor\AnimationGraphEditor_ControlParameterEditor.h">
      <Filter>GraphEditor</Filter>
    </ClInclude>
    <ClInclude Include="GraphEditor\AnimationGraphEditor_GraphEditor.h">
      <Filter>GraphEditor</Filter>
    </ClInclude>
    <ClInclude Include="GraphEditor\AnimationGraphEditor_VariationEditor.h">
      <Filter>GraphEditor</Filter>
    </ClInclude>
    <ClInclude Include="Events\AnimationEventEditor.h">
      <Filter>Events</Filter>
    </ClInclude>
    <ClInclude Include="Events\AnimationEventData.h">
      <Filter>Events</Filter>
    </ClInclude>
    <ClInclude Include="ResourceDescriptors\ResourceDescriptor_AnimationClip.h" />
    <ClInclude Include="ResourceDescriptors\ResourceDescriptor_AnimationGraph.h" />
    <ClInclude Include="ResourceDescriptors\ResourceDescriptor_AnimationSkeleton.h" />
    <ClInclude Include="Workspaces\Workspace_AnimationClip.h" />
    <ClInclude Include="Workspaces\Workspace_AnimationGraph.h" />
    <ClInclude Include="Workspaces\Workspace_Skeleton.h" />
    <ClInclude Include="GraphEditor\EditorGraph\Animation_EditorGraph_FlowGraph.h" />
    <ClInclude Include="GraphEditor\EditorGraph\Animation_EditorGraph_Common.h" />
    <ClInclude Include="GraphEditor\EditorGraph\Animation_EditorGraph_Compilation.h" />
    <ClInclude Include="GraphEditor\EditorGraph\Animation_EditorGraph_Definition.h" />
    <ClInclude Include="GraphEditor\EditorGraph\Animation_EditorGraph_StateMachineGraph.h" />
    <ClInclude Include="GraphEditor\EditorGraph\Animation_EditorGraph_Variations.h" />
    <ClInclude Include="GraphEditor\EditorGraph\Nodes\Animation_EditorGraphNode_Vectors.h" />
    <ClInclude Include="GraphEditor\EditorGraph\Nodes\Animation_EditorGraphNode_AnimationClip.h" />
    <ClInclude Include="GraphEditor\EditorGraph\Nodes\Animation_EditorGraphNode_Blends.h" />
    <ClInclude Include="GraphEditor\EditorGraph\Nodes\Animation_EditorGraphNode_BoneMasks.h" />
    <ClInclude Include="GraphEditor\EditorGraph\Nodes\Animation_EditorGraphNode_Bools.h" />
    <ClInclude Include="GraphEditor\EditorGraph\Nodes\Animation_EditorGraphNode_ConstValues.h" />
    <ClInclude Include="GraphEditor\EditorGraph\Nodes\Animation_EditorGraphNode_Events.h" />
    <ClInclude Include="GraphEditor\EditorGraph\Nodes\Animation_EditorGraphNode_Floats.h" />
    <ClInclude Include="GraphEditor\EditorGraph\Nodes\Animation_EditorGraphNode_IDs.h" />
    <ClInclude Include="GraphEditor\EditorGraph\Nodes\Animation_EditorGraphNode_Layers.h" />
    <ClInclude Include="GraphEditor\EditorGraph\Nodes\Animation_EditorGraphNode_Pose.h" />
    <ClInclude Include="GraphEditor\EditorGraph\Nodes\Animation_EditorGraphNode_RootMotionOverride.h" />
    <ClInclude Include="GraphEditor\EditorGraph\Nodes\Animation_EditorGraphNode_Selector.h" />
    <ClInclude Include="GraphEditor\EditorGraph\Nodes\Animation_EditorGraphNode_SpeedScale.h" />
    <ClInclude Include="GraphEditor\EditorGraph\Nodes\Animation_EditorGraphNode_StateConditions.h" />
    <ClInclude Include="GraphEditor\EditorGraph\Nodes\Animation_EditorGraphNode_Targets.h" />
    <ClInclude Include="GraphEditor\EditorGraph\Nodes\Animation_EditorGraphNode_Ragdoll.h" />
  </ItemGroup>
</Project>