<?xml version="1.0" encoding="utf-8"?>
<Project ToolsVersion="4.0" xmlns="http://schemas.microsoft.com/developer/msbuild/2003">
  <ItemGroup>
    <Filter Include="InputDevices">
      <UniqueIdentifier>{bd5c25bb-bd3d-4b6d-afb5-f02ebdcb18cc}</UniqueIdentifier>
    </Filter>
    <Filter Include="InputDevices\Platform">
      <UniqueIdentifier>{a8f88d70-456a-43f0-ac05-76b72605baf6}</UniqueIdentifier>
    </Filter>
    <Filter Include="InputStates">
      <UniqueIdentifier>{2e254171-4b60-4b6b-8cc8-ee54acfd5e75}</UniqueIdentifier>
    </Filter>
    <Filter Include="_Module">
      <UniqueIdentifier>{c9919845-91f8-4462-97a6-f9472afff91f}</UniqueIdentifier>
    </Filter>
  </ItemGroup>
  <ItemGroup>
    <ClCompile Include="InputDevices\InputDevice_KeyboardMouse.cpp">
      <Filter>InputDevices</Filter>
    </ClCompile>
    <ClCompile Include="InputDevices\InputDevice_Controller.cpp">
      <Filter>InputDevices</Filter>
    </ClCompile>
    <ClCompile Include="InputDevices\Platform\InputDevice_XboxController_Win32.cpp">
      <Filter>InputDevices\Platform</Filter>
    </ClCompile>
    <ClCompile Include="InputDevices\Platform\InputDevice_KeyboardMouse_Win32.cpp">
      <Filter>InputDevices\Platform</Filter>
    </ClCompile>
  </ItemGroup>
  <ItemGroup>
    <ClInclude Include="InputDevices\InputDevice.h">
      <Filter>InputDevices</Filter>
    </ClInclude>
    <ClInclude Include="InputDevices\InputDevice_Controller.h">
      <Filter>InputDevices</Filter>
    </ClInclude>
    <ClInclude Include="InputDevices\InputDevice_XBoxController.h">
      <Filter>InputDevices</Filter>
    </ClInclude>
    <ClInclude Include="InputDevices\InputDevice_KeyboardMouse.h">
      <Filter>InputDevices</Filter>
    </ClInclude>
    <ClInclude Include="InputStates\InputState.h">
      <Filter>InputStates</Filter>
    </ClInclude>
    <ClInclude Include="InputStates\InputState_Keyboard.h">
      <Filter>InputStates</Filter>
    </ClInclude>
    <ClInclude Include="InputStates\InputState_Controller.h">
      <Filter>InputStates</Filter>
    </ClInclude>
    <ClInclude Include="InputStates\InputState_Mouse.h">
      <Filter>InputStates</Filter>
    </ClInclude>
  </ItemGroup>
  <ItemGroup>
    <None Include="_Module\API.h">
      <Filter>_Module</Filter>
    </None>
  </ItemGroup>
</Project>