<?xml version="1.0" encoding="utf-8"?>
<Project ToolsVersion="4.0" xmlns="http://schemas.microsoft.com/developer/msbuild/2003">
  <ItemGroup>
    <Filter Include="Debug">
      <UniqueIdentifier>{e9062206-0f07-491a-ae9a-e5ea78ec58c0}</UniqueIdentifier>
    </Filter>
    <Filter Include="_Module\_AutoGenerated">
      <UniqueIdentifier>{3fae3de9-02e9-4c16-ae8c-af3cdaac27db}</UniqueIdentifier>
    </Filter>
    <Filter Include="_Module">
      <UniqueIdentifier>{7518ad09-2943-481c-a6cd-b850c005254e}</UniqueIdentifier>
    </Filter>
    <Filter Include="Components">
      <UniqueIdentifier>{23eff230-d64f-4b61-ab54-255986823ac4}</UniqueIdentifier>
    </Filter>
    <Filter Include="ResourceLoaders">
      <UniqueIdentifier>{0df0815c-19b6-4838-9a45-a89783e4ee68}</UniqueIdentifier>
    </Filter>
  </ItemGroup>
  <ItemGroup>
    <ClCompile Include="Debug\PhysicsDebugViewController.cpp">
      <Filter>Debug</Filter>
    </ClCompile>
    <ClCompile Include="Debug\PhysxDebugRenderer.cpp">
      <Filter>Debug</Filter>
    </ClCompile>
    <ClCompile Include="_Module\_AutoGenerated\_module.cpp">
      <Filter>_Module\_AutoGenerated</Filter>
    </ClCompile>
    <ClCompile Include="_Module\Module.cpp">
      <Filter>_Module</Filter>
    </ClCompile>
    <ClCompile Include="Components\PhysicsMeshComponent.cpp">
      <Filter>Components</Filter>
    </ClCompile>
    <ClCompile Include="Components\PhysicsBoxComponent.cpp">
      <Filter>Components</Filter>
    </ClCompile>
    <ClCompile Include="ResourceLoaders\PhysicsMeshLoader.cpp">
      <Filter>ResourceLoaders</Filter>
    </ClCompile>
    <ClCompile Include="Components\PhysicsSphereComponent.cpp">
      <Filter>Components</Filter>
    </ClCompile>
    <ClCompile Include="Components\PhysicsCapsuleComponent.cpp">
      <Filter>Components</Filter>
    </ClCompile>
    <ClCompile Include="Components\PhysicsComponent.cpp">
      <Filter>Components</Filter>
    </ClCompile>
    <ClCompile Include="ResourceLoaders\PhysicsMaterialDatabaseLoader.cpp">
      <Filter>ResourceLoaders</Filter>
    </ClCompile>
    <ClCompile Include="PhysicsSettings.cpp" />
    <ClCompile Include="PhysicsMaterial.cpp" />
    <ClCompile Include="PhysicsSimulationFilter.cpp" />
    <ClCompile Include="PhysicsMaterialDatabase.cpp" />
    <ClCompile Include="PhysicsMesh.cpp" />
    <ClCompile Include="PhysicsQueryFilter.cpp" />
    <ClCompile Include="PhysicsSystem.cpp" />
    <ClCompile Include="PhysX.cpp" />
    <ClCompile Include="PhysicsWorldSystem.cpp" />
  </ItemGroup>
  <ItemGroup>
    <ClInclude Include="Debug\PhysicsDebugViewController.h">
      <Filter>Debug</Filter>
    </ClInclude>
    <ClInclude Include="Debug\PhysxDebugRenderer.h">
      <Filter>Debug</Filter>
    </ClInclude>
    <ClInclude Include="_Module\Module.h">
      <Filter>_Module</Filter>
    </ClInclude>
    <ClInclude Include="_Module\API.h">
      <Filter>_Module</Filter>
    </ClInclude>
    <ClInclude Include="Components\PhysicsMeshComponent.h">
      <Filter>Components</Filter>
    </ClInclude>
    <ClInclude Include="ResourceLoaders\PhysicsMaterialDatabaseLoader.h">
      <Filter>ResourceLoaders</Filter>
    </ClInclude>
    <ClInclude Include="ResourceLoaders\PhysicsMeshLoader.h">
      <Filter>ResourceLoaders</Filter>
    </ClInclude>
    <ClInclude Include="Components\PhysicsBoxComponent.h">
      <Filter>Components</Filter>
    </ClInclude>
    <ClInclude Include="Components\PhysicsCapsuleComponent.h">
      <Filter>Components</Filter>
    </ClInclude>
    <ClInclude Include="Components\PhysicsSphereComponent.h">
      <Filter>Components</Filter>
    </ClInclude>
    <ClInclude Include="Components\PhysicsComponent.h">
      <Filter>Components</Filter>
    </ClInclude>
    <ClInclude Include="PhysicsSettings.h" />
    <ClInclude Include="PhysicsMaterial.h" />
    <ClInclude Include="PhysicsSimulationFilter.h" />
    <ClInclude Include="PhysicsMaterialDatabase.h" />
    <ClInclude Include="PhysicsMesh.h" />
    <ClInclude Include="PhysicsQueryFilter.h" />
    <ClInclude Include="PhysicsQueryTypes.h" />
    <ClInclude Include="PhysicsSystem.h" />
    <ClInclude Include="PhysicsLayers.h" />
    <ClInclude Include="PhysX.h" />
    <ClInclude Include="PhysicsWorldSystem.h" />
  </ItemGroup>
</Project>