<?xml version="1.0" encoding="utf-8"?>
<Project ToolsVersion="4.0" xmlns="http://schemas.microsoft.com/developer/msbuild/2003">
  <ItemGroup>
    <Filter Include="_Module">
      <UniqueIdentifier>{f55dc578-aace-4dea-8e6c-4d6b170659ef}</UniqueIdentifier>
    </Filter>
    <Filter Include="_Module\_AutoGenerated">
      <UniqueIdentifier>{f174cfb3-559e-467b-b10e-866758be34b5}</UniqueIdentifier>
    </Filter>
    <Filter Include="Player\Components">
      <UniqueIdentifier>{126bb5da-d3a8-48c6-a6d3-6428f215972a}</UniqueIdentifier>
    </Filter>
    <Filter Include="Player">
      <UniqueIdentifier>{da2fff94-88e6-43e3-8997-3ff54013b92f}</UniqueIdentifier>
    </Filter>
    <Filter Include="Player\PhysicsStates">
      <UniqueIdentifier>{56c9bf94-712b-41ad-866b-e31c05e835b8}</UniqueIdentifier>
    </Filter>
    <Filter Include="Player\Systems">
      <UniqueIdentifier>{64995484-a32f-4a9d-9dc2-165814c1b63d}</UniqueIdentifier>
    </Filter>
    <Filter Include="AI\Systems">
      <UniqueIdentifier>{84fb7a5a-21dd-4ee0-8385-6ea387a058ca}</UniqueIdentifier>
    </Filter>
    <Filter Include="AI">
      <UniqueIdentifier>{b67b714a-e7c3-4dd3-9cd1-ccb8cb3ba8ce}</UniqueIdentifier>
    </Filter>
    <Filter Include="GameplayPhysics">
      <UniqueIdentifier>{f5d18e31-02ae-4c0b-a15a-a2de5bb6231b}</UniqueIdentifier>
    </Filter>
    <Filter Include="GameplayStates">
      <UniqueIdentifier>{56032ce3-d235-4d7b-9656-4711ea9685a5}</UniqueIdentifier>
    </Filter>
    <Filter Include="Player\GameplayStates">
      <UniqueIdentifier>{8636c9c9-5b86-4ac0-911d-8c2c1366c865}</UniqueIdentifier>
    </Filter>
    <Filter Include="AI\Components">
      <UniqueIdentifier>{f3a0d95d-dbbe-4170-9c21-091b2766a8e2}</UniqueIdentifier>
    </Filter>
  </ItemGroup>
  <ItemGroup>
    <ClCompile Include="_Module\Module.cpp">
      <Filter>_Module</Filter>
    </ClCompile>
    <ClCompile Include="_Module\_AutoGenerated\_module.cpp">
      <Filter>_Module\_AutoGenerated</Filter>
    </ClCompile>
    <ClCompile Include="AI\Systems\WorldSystem_AIManager.cpp" />
    <ClCompile Include="GameplayPhysics\Component_GameplayPhysics.cpp" />
    <ClCompile Include="Player\Components\Component_PlayerGameplayPhysics.cpp" />
    <ClCompile Include="Player\PhysicsStates\PlayerPhysicsState_Locomotion.cpp" />
    <ClCompile Include="Player\Systems\EntitySystem_PlayerController.cpp" />
    <ClCompile Include="Player\GameplayStates\PlayerGameplayState_Locomotion.cpp" />
    <ClCompile Include="Player\GameplayStates\PlayerGameplayStateMachine.cpp" />
  </ItemGroup>
  <ItemGroup>
    <ClInclude Include="_Module\API.h">
      <Filter>_Module</Filter>
    </ClInclude>
    <ClInclude Include="_Module\Module.h">
      <Filter>_Module</Filter>
    </ClInclude>
    <ClInclude Include="AI\Components\Component_AI.h" />
    <ClInclude Include="AI\Components\Component_AISpawn.h" />
    <ClInclude Include="AI\Systems\WorldSystem_AIManager.h" />
    <ClInclude Include="GameplayPhysics\Component_GameplayPhysics.h" />
    <ClInclude Include="GameplayPhysics\GameplayPhysicsState.h" />
    <ClInclude Include="Player\Components\Component_PlayerGameplayPhysics.h" />
    <ClInclude Include="Player\GameplayStates\PlayerGameplayState.h" />
    <ClInclude Include="Player\PhysicsStates\PlayerPhysicsState_Locomotion.h" />
    <ClInclude Include="Player\Systems\EntitySystem_PlayerController.h" />
    <ClInclude Include="Player\GameplayStates\PlayerGameplayState_Locomotion.h" />
    <ClInclude Include="Player\GameplayStates\PlayerGameplayStateMachine.h" />
  </ItemGroup>
</Project>