<?xml version="1.0" encoding="utf-8"?>
<Project ToolsVersion="4.0" xmlns="http://schemas.microsoft.com/developer/msbuild/2003">
  <ItemGroup>
    <Filter Include="Debug">
      <UniqueIdentifier>{41f3e7bc-1bb6-472b-8ec5-f4e72e796b40}</UniqueIdentifier>
    </Filter>
    <Filter Include="_Module">
      <UniqueIdentifier>{15b1acd5-37f7-4357-b3aa-a2ba8607d972}</UniqueIdentifier>
    </Filter>
    <Filter Include="_Module\_AutoGenerated">
      <UniqueIdentifier>{912ac67c-1113-435f-84e7-00d9e33074db}</UniqueIdentifier>
    </Filter>
    <Filter Include="Renderers">
      <UniqueIdentifier>{893b724b-3939-4aa8-a611-14a8a1b595d6}</UniqueIdentifier>
    </Filter>
    <Filter Include="Components">
      <UniqueIdentifier>{9c4fcbc9-4437-4ea4-83cc-db5f23c24742}</UniqueIdentifier>
    </Filter>
    <Filter Include="Shaders">
      <UniqueIdentifier>{c079218f-746c-4b22-a049-d57bba069eed}</UniqueIdentifier>
    </Filter>
    <Filter Include="Shaders\_AutoGenerated">
      <UniqueIdentifier>{520b0ace-8d31-461a-a829-a2a562a1d78b}</UniqueIdentifier>
    </Filter>
    <Filter Include="Shaders\HLSL">
      <UniqueIdentifier>{0e73889e-a017-4606-94e9-f4bb07f53544}</UniqueIdentifier>
    </Filter>
  </ItemGroup>
  <ItemGroup>
    <ClCompile Include="Debug\MeshDebugDrawing.cpp">
      <Filter>Debug</Filter>
    </ClCompile>
    <ClCompile Include="_Module\Module.cpp">
      <Filter>_Module</Filter>
    </ClCompile>
    <ClCompile Include="_Module\_AutoGenerated\_Module.cpp">
      <Filter>_Module\_AutoGenerated</Filter>
    </ClCompile>
    <ClCompile Include="Renderers\SkeletalMeshRenderer.cpp">
      <Filter>Renderers</Filter>
    </ClCompile>
    <ClCompile Include="Renderers\StaticMeshRenderer.cpp">
      <Filter>Renderers</Filter>
    </ClCompile>
    <ClCompile Include="Components\StaticMeshComponent.cpp">
      <Filter>Components</Filter>
    </ClCompile>
    <ClCompile Include="Components\SkeletalMeshComponent.cpp">
      <Filter>Components</Filter>
    </ClCompile>
  </ItemGroup>
  <ItemGroup>
    <ClInclude Include="Debug\MeshDebugDrawing.h">
      <Filter>Debug</Filter>
    </ClInclude>
    <ClInclude Include="_Module\API.h">
      <Filter>_Module</Filter>
    </ClInclude>
    <ClInclude Include="_Module\Module.h">
      <Filter>_Module</Filter>
    </ClInclude>
    <ClInclude Include="Renderers\SkeletalMeshRenderer.h">
      <Filter>Renderers</Filter>
    </ClInclude>
    <ClInclude Include="Renderers\StaticMeshRenderer.h">
      <Filter>Renderers</Filter>
    </ClInclude>
    <ClInclude Include="Components\StaticMeshComponent.h">
      <Filter>Components</Filter>
    </ClInclude>
    <ClInclude Include="Components\SkeletalMeshComponent.h">
      <Filter>Components</Filter>
    </ClInclude>
    <ClInclude Include="Shaders\EngineShaders.h">
      <Filter>Shaders</Filter>
    </ClInclude>
    <ClInclude Include="Shaders\_AutoGenerated\PS_Textured_x64_Debug.h">
      <Filter>Shaders\_AutoGenerated</Filter>
    </ClInclude>
    <ClInclude Include="Shaders\_AutoGenerated\VS_SkinnedPrimitive_x64_Debug.h">
      <Filter>Shaders\_AutoGenerated</Filter>
    </ClInclude>
    <ClInclude Include="Shaders\_AutoGenerated\VS_StaticPrimitive_x64_Debug.h">
      <Filter>Shaders\_AutoGenerated</Filter>
    </ClInclude>
  </ItemGroup>
  <ItemGroup>
    <FxCompile Include="Shaders\HLSL\PS_Textured.hlsl">
      <Filter>Shaders\HLSL</Filter>
    </FxCompile>
    <FxCompile Include="Shaders\HLSL\VS_StaticPrimitive.hlsl">
      <Filter>Shaders\HLSL</Filter>
    </FxCompile>
    <FxCompile Include="Shaders\HLSL\VS_SkinnedPrimitive.hlsl">
      <Filter>Shaders\HLSL</Filter>
    </FxCompile>
  </ItemGroup>
</Project>