<?xml version="1.0" encoding="utf-8"?>
<Project ToolsVersion="4.0" xmlns="http://schemas.microsoft.com/developer/msbuild/2003">
  <ItemGroup>
    <Filter Include="Debug">
      <UniqueIdentifier>{005b8f58-036f-43d9-be31-a13bf233b196}</UniqueIdentifier>
    </Filter>
    <Filter Include="_Module">
      <UniqueIdentifier>{97584776-3d9f-4007-a3dd-11ffc7935065}</UniqueIdentifier>
    </Filter>
    <Filter Include="_Module\_AutoGenerated">
      <UniqueIdentifier>{4a7cc91a-0dc5-46cd-aaef-7dfe929a9236}</UniqueIdentifier>
    </Filter>
    <Filter Include="Renderers">
      <UniqueIdentifier>{903083f5-98cb-4a14-a803-bb533c0e4f60}</UniqueIdentifier>
    </Filter>
    <Filter Include="Components">
      <UniqueIdentifier>{39245e31-fe16-4aa4-bc50-913f8573a6b7}</UniqueIdentifier>
    </Filter>
    <Filter Include="Material">
      <UniqueIdentifier>{4fc226a1-a8d9-4be1-8d79-b100d745f160}</UniqueIdentifier>
    </Filter>
    <Filter Include="Mesh">
      <UniqueIdentifier>{1bb76d92-b142-408d-b703-2215c070f54d}</UniqueIdentifier>
    </Filter>
    <Filter Include="ResourceLoaders">
      <UniqueIdentifier>{ed715ebb-7ecc-4053-bde7-4e40a4b66284}</UniqueIdentifier>
    </Filter>
    <Filter Include="Shaders">
      <UniqueIdentifier>{aedf3005-87a1-4a45-8002-b26fbf7ebdcb}</UniqueIdentifier>
    </Filter>
    <Filter Include="Shaders\HLSL">
      <UniqueIdentifier>{d482a54e-bdcc-45fe-b394-b2098493b353}</UniqueIdentifier>
    </Filter>
  </ItemGroup>
  <ItemGroup>
    <ClCompile Include="_Module\Module.cpp">
      <Filter>_Module</Filter>
    </ClCompile>
    <ClCompile Include="_Module\_AutoGenerated\_module.cpp">
      <Filter>_Module\_AutoGenerated</Filter>
    </ClCompile>
    <ClCompile Include="Renderers\SkeletalMeshRenderer.cpp">
      <Filter>Renderers</Filter>
    </ClCompile>
    <ClCompile Include="Renderers\StaticMeshRenderer.cpp">
      <Filter>Renderers</Filter>
    </ClCompile>
    <ClCompile Include="Components\StaticMeshComponent.cpp">
      <Filter>Components</Filter>
    </ClCompile>
    <ClCompile Include="Components\SkeletalMeshComponent.cpp">
      <Filter>Components</Filter>
    </ClCompile>
    <ClCompile Include="Material\RenderMaterial.cpp">
      <Filter>Material</Filter>
    </ClCompile>
    <ClCompile Include="Mesh\RenderMesh.cpp">
      <Filter>Mesh</Filter>
    </ClCompile>
    <ClCompile Include="Mesh\SkeletalMesh.cpp">
      <Filter>Mesh</Filter>
    </ClCompile>
    <ClCompile Include="Mesh\StaticMesh.cpp">
      <Filter>Mesh</Filter>
    </ClCompile>
    <ClCompile Include="ResourceLoaders\RenderMaterialLoader.cpp">
      <Filter>ResourceLoaders</Filter>
    </ClCompile>
    <ClCompile Include="ResourceLoaders\RenderMeshLoader.cpp">
      <Filter>ResourceLoaders</Filter>
    </ClCompile>
    <ClCompile Include="ResourceLoaders\RenderShaderLoader.cpp">
      <Filter>ResourceLoaders</Filter>
    </ClCompile>
    <ClCompile Include="ResourceLoaders\RenderTextureLoader.cpp">
      <Filter>ResourceLoaders</Filter>
    </ClCompile>
    <ClCompile Include="Components\MeshComponent.cpp" />
  </ItemGroup>
  <ItemGroup>
    <ClInclude Include="_Module\API.h">
      <Filter>_Module</Filter>
    </ClInclude>
    <ClInclude Include="_Module\Module.h">
      <Filter>_Module</Filter>
    </ClInclude>
    <ClInclude Include="Renderers\SkeletalMeshRenderer.h">
      <Filter>Renderers</Filter>
    </ClInclude>
    <ClInclude Include="Renderers\StaticMeshRenderer.h">
      <Filter>Renderers</Filter>
    </ClInclude>
    <ClInclude Include="Components\StaticMeshComponent.h">
      <Filter>Components</Filter>
    </ClInclude>
    <ClInclude Include="Components\SkeletalMeshComponent.h">
      <Filter>Components</Filter>
    </ClInclude>
    <ClInclude Include="Shaders\EngineShaders.h">
      <Filter>Shaders</Filter>
    </ClInclude>
    <ClInclude Include="Material\RenderMaterial.h">
      <Filter>Material</Filter>
    </ClInclude>
    <ClInclude Include="Mesh\RenderMesh.h">
      <Filter>Mesh</Filter>
    </ClInclude>
    <ClInclude Include="Mesh\SkeletalMesh.h">
      <Filter>Mesh</Filter>
    </ClInclude>
    <ClInclude Include="Mesh\StaticMesh.h">
      <Filter>Mesh</Filter>
    </ClInclude>
    <ClInclude Include="ResourceLoaders\RenderMaterialLoader.h">
      <Filter>ResourceLoaders</Filter>
    </ClInclude>
    <ClInclude Include="ResourceLoaders\RenderMeshLoader.h">
      <Filter>ResourceLoaders</Filter>
    </ClInclude>
    <ClInclude Include="ResourceLoaders\RenderShaderLoader.h">
      <Filter>ResourceLoaders</Filter>
    </ClInclude>
    <ClInclude Include="ResourceLoaders\RenderTextureLoader.h">
      <Filter>ResourceLoaders</Filter>
    </ClInclude>
    <ClInclude Include="Components\MeshComponent.h" />
  </ItemGroup>
  <ItemGroup>
    <FxCompile Include="Shaders\HLSL\PS_Textured.hlsl">
      <Filter>Shaders\HLSL</Filter>
    </FxCompile>
    <FxCompile Include="Shaders\HLSL\VS_StaticPrimitive.hlsl">
      <Filter>Shaders\HLSL</Filter>
    </FxCompile>
    <FxCompile Include="Shaders\HLSL\VS_SkinnedPrimitive.hlsl">
      <Filter>Shaders\HLSL</Filter>
    </FxCompile>
  </ItemGroup>
</Project>