<?xml version="1.0" encoding="utf-8"?>
<Project ToolsVersion="4.0" xmlns="http://schemas.microsoft.com/developer/msbuild/2003">
  <ItemGroup>
    <Filter Include="DebugRenderer">
      <UniqueIdentifier>{4d591af0-71ca-4960-93d9-89cf8a486b5d}</UniqueIdentifier>
    </Filter>
    <Filter Include="Fonts">
      <UniqueIdentifier>{f44d3e6c-7843-41b8-bb87-a81ef8a93f7f}</UniqueIdentifier>
    </Filter>
    <Filter Include="RenderDevice">
      <UniqueIdentifier>{ff3ad133-1e10-4337-945d-e39ab787c8c4}</UniqueIdentifier>
    </Filter>
    <Filter Include="RenderDevice\Platform">
      <UniqueIdentifier>{e8603e61-651d-414a-8033-9486015784f6}</UniqueIdentifier>
    </Filter>
    <Filter Include="ThirdParty\stb">
      <UniqueIdentifier>{a5eda615-195c-42d0-876c-17c3b135552d}</UniqueIdentifier>
    </Filter>
    <Filter Include="ThirdParty">
      <UniqueIdentifier>{78441bf3-610d-448e-bd6f-fc6cde81af85}</UniqueIdentifier>
    </Filter>
    <Filter Include="_Module">
      <UniqueIdentifier>{562b3076-909a-4960-b2ae-d860e5e75812}</UniqueIdentifier>
    </Filter>
    <Filter Include="DebugRenderer\Shaders">
      <UniqueIdentifier>{6cadd4b7-7f2a-4daf-8f75-f8e63ef51e91}</UniqueIdentifier>
    </Filter>
    <Filter Include="DebugRenderer\Shaders\HLSL">
      <UniqueIdentifier>{d0b787cb-b38d-4736-804c-0c0b3eb3a2f0}</UniqueIdentifier>
    </Filter>
    <Filter Include="DebugRenderer\Debug\HLSL">
      <UniqueIdentifier>{09d65b3d-0a91-4af2-ae35-606d3c1df9d6}</UniqueIdentifier>
    </Filter>
    <Filter Include="DebugRenderer\Debug">
      <UniqueIdentifier>{b625ab3f-eb3a-46fc-85ee-40b2d186e350}</UniqueIdentifier>
    </Filter>
  </ItemGroup>
  <ItemGroup>
    <ClCompile Include="DebugRenderer\DebugRenderer.cpp">
      <Filter>DebugRenderer</Filter>
    </ClCompile>
    <ClCompile Include="DebugRenderer\DebugRenderStates.cpp">
      <Filter>DebugRenderer</Filter>
    </ClCompile>
    <ClCompile Include="Fonts\FontData_FontAwesome4.cpp">
      <Filter>Fonts</Filter>
    </ClCompile>
    <ClCompile Include="Fonts\FontData_ProggyTiny.cpp">
      <Filter>Fonts</Filter>
    </ClCompile>
    <ClCompile Include="Fonts\FontData_Roboto.cpp">
      <Filter>Fonts</Filter>
    </ClCompile>
    <ClCompile Include="Fonts\FontDecompressor.cpp">
      <Filter>Fonts</Filter>
    </ClCompile>
    <ClCompile Include="RenderDevice\RenderDefaultResources.cpp">
      <Filter>RenderDevice</Filter>
    </ClCompile>
    <ClCompile Include="RenderDevice\Platform\RenderContext_DX11.cpp">
      <Filter>RenderDevice\Platform</Filter>
    </ClCompile>
    <ClCompile Include="RenderDevice\Platform\RenderDevice_DX11.cpp">
      <Filter>RenderDevice\Platform</Filter>
    </ClCompile>
    <ClCompile Include="RenderDevice\Platform\TextureLoader_Win32.cpp">
      <Filter>RenderDevice\Platform</Filter>
    </ClCompile>
    <ClCompile Include="RenderDevice\RenderDeviceSettings.cpp">
      <Filter>RenderDevice</Filter>
    </ClCompile>
    <ClCompile Include="ThirdParty\stb\krg_stb.cpp">
      <Filter>ThirdParty\stb</Filter>
    </ClCompile>
    <ClCompile Include="RendererRegistry.cpp" />
    <ClCompile Include="RenderShader.cpp" />
    <ClCompile Include="RenderTexture.cpp" />
    <ClCompile Include="RenderVertexFormats.cpp" />
    <ClCompile Include="Fonts\FontData_ProggyClean.cpp" />
  </ItemGroup>
  <ItemGroup>
    <ClInclude Include="DebugRenderer\DebugRenderer.h">
      <Filter>DebugRenderer</Filter>
    </ClInclude>
    <ClInclude Include="DebugRenderer\DebugRenderStates.h">
      <Filter>DebugRenderer</Filter>
    </ClInclude>
    <ClInclude Include="Fonts\FontData_FontAwesome4.h">
      <Filter>Fonts</Filter>
    </ClInclude>
    <ClInclude Include="Fonts\FontData_ProggyTiny.h">
      <Filter>Fonts</Filter>
    </ClInclude>
    <ClInclude Include="Fonts\FontData_Roboto.h">
      <Filter>Fonts</Filter>
    </ClInclude>
    <ClInclude Include="Fonts\FontDecompressor.h">
      <Filter>Fonts</Filter>
    </ClInclude>
    <ClInclude Include="RenderDevice\RenderDefaultResources.h">
      <Filter>RenderDevice</Filter>
    </ClInclude>
    <ClInclude Include="RenderDevice\RenderDevice.h">
      <Filter>RenderDevice</Filter>
    </ClInclude>
    <ClInclude Include="RenderDevice\Platform\RenderContext_DX11.h">
      <Filter>RenderDevice\Platform</Filter>
    </ClInclude>
    <ClInclude Include="RenderDevice\Platform\RenderDevice_DX11.h">
      <Filter>RenderDevice\Platform</Filter>
    </ClInclude>
    <ClInclude Include="RenderDevice\Platform\RenderTypes_DX11.h">
      <Filter>RenderDevice\Platform</Filter>
    </ClInclude>
    <ClInclude Include="RenderDevice\Platform\TextureLoader_Win32.h">
      <Filter>RenderDevice\Platform</Filter>
    </ClInclude>
    <ClInclude Include="_Module\API.h">
      <Filter>_Module</Filter>
    </ClInclude>
    <ClInclude Include="DebugRenderer\Shaders\DebugShaders.h">
      <Filter>DebugRenderer\Shaders</Filter>
    </ClInclude>
    <ClInclude Include="RenderDevice\RenderDeviceSettings.h">
      <Filter>RenderDevice</Filter>
    </ClInclude>
    <ClInclude Include="ThirdParty\stb\stb_image.h">
      <Filter>ThirdParty\stb</Filter>
    </ClInclude>
    <ClInclude Include="ThirdParty\stb\stb_rect_pack.h">
      <Filter>ThirdParty\stb</Filter>
    </ClInclude>
    <ClInclude Include="ThirdParty\stb\stb_textedit.h">
      <Filter>ThirdParty\stb</Filter>
    </ClInclude>
    <ClInclude Include="ThirdParty\stb\stb_truetype.h">
      <Filter>ThirdParty\stb</Filter>
    </ClInclude>
    <ClInclude Include="IRenderer.h" />
    <ClInclude Include="RendererRegistry.h" />
    <ClInclude Include="RenderBuffer.h" />
    <ClInclude Include="RenderPipelineState.h" />
    <ClInclude Include="RenderResourceHandle.h" />
    <ClInclude Include="RenderShader.h" />
    <ClInclude Include="RenderStates.h" />
    <ClInclude Include="RenderTexture.h" />
    <ClInclude Include="RenderVertexFormats.h" />
    <ClInclude Include="Fonts\FontData_ProggyClean.h" />
  </ItemGroup>
  <ItemGroup>
    <FxCompile Include="DebugRenderer\Shaders\HLSL\GS_DebugRendererPoints.hlsl">
      <Filter>DebugRenderer\Shaders\HLSL</Filter>
    </FxCompile>
    <FxCompile Include="DebugRenderer\Shaders\HLSL\PS_DebugRendererPoints.hlsl">
      <Filter>DebugRenderer\Shaders\HLSL</Filter>
    </FxCompile>
    <FxCompile Include="DebugRenderer\Shaders\HLSL\VS_DebugRendererPoints.hlsl">
      <Filter>DebugRenderer\Shaders\HLSL</Filter>
    </FxCompile>
    <FxCompile Include="DebugRenderer\Shaders\HLSL\GS_DebugRendererLines.hlsl">
      <Filter>DebugRenderer\Shaders\HLSL</Filter>
    </FxCompile>
    <FxCompile Include="DebugRenderer\Shaders\HLSL\PS_DebugRendererLines.hlsl">
      <Filter>DebugRenderer\Shaders\HLSL</Filter>
    </FxCompile>
    <FxCompile Include="DebugRenderer\Shaders\HLSL\VS_DebugRendererLines.hlsl">
      <Filter>DebugRenderer\Shaders\HLSL</Filter>
    </FxCompile>
    <FxCompile Include="DebugRenderer\Shaders\HLSL\PS_DebugRendererText.hlsl">
      <Filter>DebugRenderer\Shaders\HLSL</Filter>
    </FxCompile>
    <FxCompile Include="DebugRenderer\Shaders\HLSL\VS_DebugRendererText.hlsl">
      <Filter>DebugRenderer\Shaders\HLSL</Filter>
    </FxCompile>
    <FxCompile Include="DebugRenderer\Shaders\HLSL\PS_DebugRendererTriangles.hlsl">
      <Filter>DebugRenderer\Shaders\HLSL</Filter>
    </FxCompile>
    <FxCompile Include="DebugRenderer\Shaders\HLSL\VS_DebugRendererTriangles.hlsl">
      <Filter>DebugRenderer\Shaders\HLSL</Filter>
    </FxCompile>
  </ItemGroup>
  <ItemGroup>
    <None Include="DebugRenderer\Debug\HLSL\DebugShaderCommon.hlsli">
      <Filter>DebugRenderer\Debug\HLSL</Filter>
    </None>
    <None Include="DebugRenderer\Shaders\HLSL\DebugShaderCommon.hlsli">
      <Filter>DebugRenderer\Shaders\HLSL</Filter>
    </None>
  </ItemGroup>
</Project>