<?xml version="1.0" encoding="utf-8"?>
<Project ToolsVersion="4.0" xmlns="http://schemas.microsoft.com/developer/msbuild/2003">
  <ItemGroup>
    <Filter Include="Fonts">
      <UniqueIdentifier>{6989e52c-6afa-4a89-9168-278bb92e0936}</UniqueIdentifier>
    </Filter>
    <Filter Include="Renderers\DebugRenderer">
      <UniqueIdentifier>{c031897f-3bd2-4520-bed5-48727002500f}</UniqueIdentifier>
    </Filter>
    <Filter Include="Renderers">
      <UniqueIdentifier>{362cdcfe-0342-4c34-a023-96ea3c30b090}</UniqueIdentifier>
    </Filter>
    <Filter Include="ThirdParty\stb">
      <UniqueIdentifier>{62374f2e-87f4-4aa6-ac39-4da46a7a347e}</UniqueIdentifier>
    </Filter>
    <Filter Include="ThirdParty">
      <UniqueIdentifier>{707f6278-afb8-4e81-a156-334a04c3d5b3}</UniqueIdentifier>
    </Filter>
    <Filter Include="RenderDevice\Platform">
      <UniqueIdentifier>{a37ff9a3-53f8-42f0-9179-86bbf801b71c}</UniqueIdentifier>
    </Filter>
    <Filter Include="RenderDevice">
      <UniqueIdentifier>{19935f60-e6c5-408f-b085-c3128f662507}</UniqueIdentifier>
    </Filter>
    <Filter Include="_Module">
      <UniqueIdentifier>{c5c35560-b150-400d-b760-a08a3b7b5653}</UniqueIdentifier>
    </Filter>
    <Filter Include="Renderers\DebugRenderer\Shaders">
      <UniqueIdentifier>{6df5d2e6-c8b8-4b4e-b926-fd8c3acf2466}</UniqueIdentifier>
    </Filter>
    <Filter Include="Renderers\DebugRenderer\Shaders\HLSL">
      <UniqueIdentifier>{f1f3a221-d76c-4c75-b35b-f7b0a60ae176}</UniqueIdentifier>
    </Filter>
    <Filter Include="DebugRenderer\Debug\HLSL">
      <UniqueIdentifier>{9880e5ce-2454-4b31-9a9f-c531c938c2b8}</UniqueIdentifier>
    </Filter>
    <Filter Include="DebugRenderer\Debug">
      <UniqueIdentifier>{0f6d68db-d04d-4a49-9357-3b5695351545}</UniqueIdentifier>
    </Filter>
    <Filter Include="DebugRenderer">
      <UniqueIdentifier>{645bb3fc-554f-4c36-be14-9e35f83c771a}</UniqueIdentifier>
    </Filter>
  </ItemGroup>
  <ItemGroup>
    <ClCompile Include="Fonts\FontData_SegoeBold.cpp">
      <Filter>Fonts</Filter>
    </ClCompile>
    <ClCompile Include="Fonts\FontData_Segoe.cpp">
      <Filter>Fonts</Filter>
    </ClCompile>
    <ClCompile Include="Fonts\FontData_FontAwesome4.cpp">
      <Filter>Fonts</Filter>
    </ClCompile>
    <ClCompile Include="Fonts\FontData_ProggyClean.cpp">
      <Filter>Fonts</Filter>
    </ClCompile>
    <ClCompile Include="Fonts\FontData_ProggyTiny.cpp">
      <Filter>Fonts</Filter>
    </ClCompile>
    <ClCompile Include="Fonts\FontDecompressor.cpp">
      <Filter>Fonts</Filter>
    </ClCompile>
    <ClCompile Include="Platform\RenderContext_DX11.cpp">
      <Filter>RenderDevice\Platform</Filter>
    </ClCompile>
    <ClCompile Include="Platform\RenderDevice_DX11.cpp">
      <Filter>RenderDevice\Platform</Filter>
    </ClCompile>
    <ClCompile Include="Platform\TextureLoader_Win32.cpp">
      <Filter>RenderDevice\Platform</Filter>
    </ClCompile>
    <ClCompile Include="RenderDefaultResources.cpp">
      <Filter>RenderDevice</Filter>
    </ClCompile>
    <ClCompile Include="RenderTarget.cpp" />
    <ClCompile Include="RenderSettings.cpp" />
    <ClCompile Include="RenderShader.cpp" />
    <ClCompile Include="RenderTexture.cpp" />
    <ClCompile Include="RenderVertexFormats.cpp" />
    <ClCompile Include="RenderViewportManager.cpp" />
    <ClCompile Include="RenderViewport.cpp" />
    <ClCompile Include="RendererRegistry.cpp" />
    <ClCompile Include="ThirdParty\imgui\misc\freetype\imgui_freetype.cpp" />
    <ClCompile Include="ThirdParty\imgui\imgui.cpp" />
    <ClCompile Include="ThirdParty\imgui\imgui_demo.cpp" />
    <ClCompile Include="ThirdParty\imgui\imgui_draw.cpp" />
    <ClCompile Include="ThirdParty\imgui\imgui_tables.cpp" />
    <ClCompile Include="ThirdParty\imgui\imgui_widgets.cpp" />
    <ClCompile Include="Imgui\Platform\ImguiPlatform_Win32.cpp" />
    <ClCompile Include="Imgui\Widgets\Gizmos\Gizmo.cpp" />
    <ClCompile Include="Imgui\Widgets\Gizmos\OrientationGuide.cpp" />
    <ClCompile Include="Imgui\Widgets\Gizmos\RotationGizmo.cpp" />
    <ClCompile Include="Imgui\Widgets\Gizmos\ScaleGizmo.cpp" />
    <ClCompile Include="Imgui\Widgets\Gizmos\TranslationGizmo.cpp" />
    <ClCompile Include="Imgui\Widgets\InterfaceHelpers.cpp" />
    <ClCompile Include="Imgui\Widgets\NumericEditors.cpp" />
    <ClCompile Include="Imgui\ImguiFont.cpp" />
    <ClCompile Include="Imgui\ImguiSystem.cpp" />
    <ClCompile Include="Imgui\ImguiTheme.cpp" />
    <ClCompile Include="Imgui\ImguiX.cpp" />
  </ItemGroup>
  <ItemGroup>
    <ClInclude Include="Fonts\FontData_SegoeBold.h">
      <Filter>Fonts</Filter>
    </ClInclude>
    <ClInclude Include="Fonts\FontData_Segoe.h">
      <Filter>Fonts</Filter>
    </ClInclude>
    <ClInclude Include="Fonts\FontData_FontAwesome4.h">
      <Filter>Fonts</Filter>
    </ClInclude>
    <ClInclude Include="Fonts\FontData_ProggyClean.h">
      <Filter>Fonts</Filter>
    </ClInclude>
    <ClInclude Include="Fonts\FontData_ProggyTiny.h">
      <Filter>Fonts</Filter>
    </ClInclude>
    <ClInclude Include="Fonts\FontDecompressor.h">
      <Filter>Fonts</Filter>
    </ClInclude>
    <ClInclude Include="_Module\API.h">
      <Filter>_Module</Filter>
    </ClInclude>
    <ClInclude Include="Platform\RenderContext_DX11.h">
      <Filter>RenderDevice\Platform</Filter>
    </ClInclude>
    <ClInclude Include="Platform\RenderDevice_DX11.h">
      <Filter>RenderDevice\Platform</Filter>
    </ClInclude>
    <ClInclude Include="Platform\TextureLoader_Win32.h">
      <Filter>RenderDevice\Platform</Filter>
    </ClInclude>
    <ClInclude Include="RenderDefaultResources.h">
      <Filter>RenderDevice</Filter>
    </ClInclude>
    <ClInclude Include="RenderDevice.h">
      <Filter>RenderDevice</Filter>
    </ClInclude>
    <ClInclude Include="RenderShaderResource.h" />
    <ClInclude Include="RenderTarget.h" />
    <ClInclude Include="RenderSettings.h" />
    <ClInclude Include="RenderBuffer.h" />
    <ClInclude Include="RenderPipelineState.h" />
    <ClInclude Include="RenderResourceHandle.h" />
    <ClInclude Include="RenderShader.h" />
    <ClInclude Include="RenderStates.h" />
    <ClInclude Include="RenderTexture.h" />
    <ClInclude Include="RenderVertexFormats.h" />
    <ClInclude Include="RenderViewportManager.h" />
    <ClInclude Include="RenderViewport.h" />
    <ClInclude Include="RendererRegistry.h" />
    <ClInclude Include="IRenderer.h" />
    <ClInclude Include="RenderWindow.h" />
    <ClInclude Include="ThirdParty\imgui\misc\freetype\imgui_freetype.h" />
    <ClInclude Include="ThirdParty\imgui\imconfig.h" />
    <ClInclude Include="ThirdParty\imgui\imgui.h" />
    <ClInclude Include="ThirdParty\imgui\imgui_internal.h" />
    <ClInclude Include="ThirdParty\imgui\imstb_rectpack.h" />
    <ClInclude Include="ThirdParty\imgui\imstb_textedit.h" />
    <ClInclude Include="ThirdParty\imgui\imstb_truetype.h" />
    <ClInclude Include="Imgui\Platform\ImguiPlatform_Win32.h" />
    <ClInclude Include="Imgui\Widgets\Gizmos\Gizmo.h" />
    <ClInclude Include="Imgui\Widgets\Gizmos\OrientationGuide.h" />
    <ClInclude Include="Imgui\Widgets\Gizmos\RotationGizmo.h" />
    <ClInclude Include="Imgui\Widgets\Gizmos\ScaleGizmo.h" />
    <ClInclude Include="Imgui\Widgets\Gizmos\TranslationGizmo.h" />
    <ClInclude Include="Imgui\Widgets\InterfaceHelpers.h" />
    <ClInclude Include="Imgui\Widgets\NumericEditors.h" />
    <ClInclude Include="Imgui\ImguiFont.h" />
    <ClInclude Include="Imgui\ImguiSystem.h" />
    <ClInclude Include="Imgui\ImguiTheme.h" />
    <ClInclude Include="Imgui\ImguiX.h" />
  </ItemGroup>
  <ItemGroup>
    <None Include="DebugRenderer\Debug\HLSL\DebugShaderCommon.hlsli">
      <Filter>DebugRenderer\Debug\HLSL</Filter>
    </None>
  </ItemGroup>
  <ItemGroup>
    <Natvis Include="ThirdParty\imgui\misc\debuggers\imgui.natvis" />
  </ItemGroup>
  <ItemGroup>
    <Text Include="ThirdParty\imgui\LICENSE.txt" />
  </ItemGroup>
</Project>