<?xml version="1.0" encoding="utf-8"?>
<Project ToolsVersion="4.0" xmlns="http://schemas.microsoft.com/developer/msbuild/2003">
  <ItemGroup>
    <Filter Include="_Module">
      <UniqueIdentifier>{77601e31-670d-4091-9f27-eac7c612043d}</UniqueIdentifier>
    </Filter>
    <Filter Include="_Module\_AutoGenerated">
      <UniqueIdentifier>{e0d8323e-b9ef-4362-bc0e-da12ac65a7ec}</UniqueIdentifier>
    </Filter>
    <Filter Include="ResourceCompilers">
      <UniqueIdentifier>{c846555e-ce0e-4cbb-aab1-c5e26a46167d}</UniqueIdentifier>
    </Filter>
    <Filter Include="ResourceCompilers\ResourceBuilders">
      <UniqueIdentifier>{823044f6-f3de-4cb4-b927-4f6cd721a1fa}</UniqueIdentifier>
    </Filter>
    <Filter Include="Serialization">
      <UniqueIdentifier>{5ceda060-754f-41ad-954d-97155b667dcf}</UniqueIdentifier>
    </Filter>
  </ItemGroup>
  <ItemGroup>
    <ClCompile Include="_Module\Module.cpp">
      <Filter>_Module</Filter>
    </ClCompile>
    <ClCompile Include="_Module\_AutoGenerated\_module.cpp">
      <Filter>_Module\_AutoGenerated</Filter>
    </ClCompile>
    <ClCompile Include="ResourceCompilers\ResourceBuilders\NavmeshBuilder.cpp">
      <Filter>ResourceCompilers\ResourceBuilders</Filter>
    </ClCompile>
    <ClCompile Include="Serialization\EntityCollectionDescriptorReader.cpp">
      <Filter>Serialization</Filter>
    </ClCompile>
    <ClCompile Include="Serialization\EntityCollectionDescriptorWriter.cpp">
      <Filter>Serialization</Filter>
    </ClCompile>
    <ClCompile Include="ResourceCompilers\ResourceCompiler_EntityMap.cpp">
      <Filter>ResourceCompilers</Filter>
    </ClCompile>
  </ItemGroup>
  <ItemGroup>
    <ClInclude Include="_Module\API.h">
      <Filter>_Module</Filter>
    </ClInclude>
    <ClInclude Include="_Module\Module.h">
      <Filter>_Module</Filter>
    </ClInclude>
    <ClInclude Include="ResourceCompilers\ResourceBuilders\NavmeshBuilder.h">
      <Filter>ResourceCompilers\ResourceBuilders</Filter>
    </ClInclude>
    <ClInclude Include="Serialization\EntityCollectionDescriptorReader.h">
      <Filter>Serialization</Filter>
    </ClInclude>
    <ClInclude Include="Serialization\EntityCollectionDescriptorWriter.h">
      <Filter>Serialization</Filter>
    </ClInclude>
    <ClInclude Include="ResourceCompilers\ResourceCompiler_EntityMap.h">
      <Filter>ResourceCompilers</Filter>
    </ClInclude>
    <ClInclude Include="EntityToolAccessor.h" />
  </ItemGroup>
</Project>